
Microsoft Visual Studio Solution File, Format Version 12.00
# Visual Studio Version 17
VisualStudioVersion = 17.6.33723.286
MinimumVisualStudioVersion = 10.0.40219.1
Project("{9A19103F-16F7-4668-BE54-9A1E7A4F7556}") = "Blinky", "Blinky\Blinky.csproj", "{EF3129F9-76D0-4B04-9DFD-BA80FDD15DC1}"
EndProject
Project("{9A19103F-16F7-4668-BE54-9A1E7A4F7556}") = "CharacterDisplaySample", "CharacterDisplaySample\CharacterDisplaySample.csproj", "{7828BCE1-CAAD-4139-806B-7723509C8DA0}"
EndProject
Project("{9A19103F-16F7-4668-BE54-9A1E7A4F7556}") = "WifiWeather", "WifiWeather\WifiWeather.csproj", "{D6A8D5D9-1856-4FDE-A244-8515C73DFA4F}"
EndProject
Project("{9A19103F-16F7-4668-BE54-9A1E7A4F7556}") = "AvaloniaMeadow", "..\CrossPlatform\Avalonia_Sample\AvaloniaMeadow.csproj", "{BDE1E908-8072-44A3-8CCE-EB3F3E9B191D}"
EndProject
Project("{9A19103F-16F7-4668-BE54-9A1E7A4F7556}") = "MauiMeadow", "..\CrossPlatform\MauiMeadow\MauiMeadow.csproj", "{FF4DB8E4-8129-4B6B-8564-99004EF78B4D}"
EndProject
Project("{2150E333-8FDC-42A3-9474-1A3956D46DE8}") = "HMI", "HMI", "{58C4412D-464A-4AB5-ACC8-72B446780173}"
EndProject
Project("{FAE04EC0-301F-11D3-BF4B-00C04F79EFBC}") = "WaterTank", "..\CrossPlatform\WaterTank\WaterTank.csproj", "{C3D3880E-205B-4608-8FD0-651FA5EE63AB}"
EndProject
Project("{2150E333-8FDC-42A3-9474-1A3956D46DE8}") = "_refs", "_refs", "{A809F07D-DD94-4375-8776-23FBE73591A5}"
EndProject
Project("{9A19103F-16F7-4668-BE54-9A1E7A4F7556}") = "Meadow.Contracts", "..\..\..\Meadow.Contracts\Source\Meadow.Contracts\Meadow.Contracts.csproj", "{E1A30F53-831C-4171-8546-84268D060CEB}"
EndProject
Project("{9A19103F-16F7-4668-BE54-9A1E7A4F7556}") = "Meadow.Logging", "..\..\..\Meadow.Logging\Source\Meadow.Logging\lib\Meadow.Logging.csproj", "{D36A7FBD-38E4-4026-A0F0-772AABEA1149}"
EndProject
Project("{9A19103F-16F7-4668-BE54-9A1E7A4F7556}") = "Meadow.Windows", "..\..\..\Meadow.Core\source\implementations\windows\Meadow.Windows\Meadow.Windows.csproj", "{7C9F9A46-0787-49C0-A706-1E1F5029E60F}"
EndProject
Project("{9A19103F-16F7-4668-BE54-9A1E7A4F7556}") = "Meadow.Linux", "..\..\..\Meadow.Core\source\implementations\linux\Meadow.Linux\Meadow.Linux.csproj", "{3C4901AB-37C8-40D4-B921-6E7CEC983C09}"
EndProject
Project("{9A19103F-16F7-4668-BE54-9A1E7A4F7556}") = "Meadow.Modbus", "..\..\..\Meadow.Modbus\src\Meadow.Modbus\Meadow.Modbus.csproj", "{6B925B75-DEB5-4A9F-AE32-FD30BED7CCC1}"
EndProject
Project("{9A19103F-16F7-4668-BE54-9A1E7A4F7556}") = "MQTTnet", "..\..\..\MQTTnet\Source\MQTTnet\MQTTnet.csproj", "{6DEA6BAE-25E2-438A-BDEE-6B0E2F7A7C96}"
EndProject
Project("{9A19103F-16F7-4668-BE54-9A1E7A4F7556}") = "ICs.IOExpanders.Ft232h", "..\..\..\Meadow.Foundation\Source\Meadow.Foundation.Peripherals\ICs.IOExpanders.Ft232h\Driver\ICs.IOExpanders.Ft232h.csproj", "{968F6BFA-96F0-48C9-84B8-B629F8612E00}"
EndProject
Project("{9A19103F-16F7-4668-BE54-9A1E7A4F7556}") = "Displays.Lcd.CharacterDisplay", "..\..\..\Meadow.Foundation\Source\Meadow.Foundation.Peripherals\Displays.Lcd.CharacterDisplay\Driver\Displays.Lcd.CharacterDisplay.csproj", "{A3679ECB-BBE3-4CC3-BEB7-14B492476EF6}"
EndProject
Project("{9A19103F-16F7-4668-BE54-9A1E7A4F7556}") = "Displays.TftSpi", "..\..\..\Meadow.Foundation\Source\Meadow.Foundation.Peripherals\Displays.TftSpi\Driver\Displays.TftSpi.csproj", "{10B21E9A-DCD1-45A1-BA79-03F58032BF2E}"
EndProject
Global
	GlobalSection(SolutionConfigurationPlatforms) = preSolution
		Debug|Any CPU = Debug|Any CPU
		Release|Any CPU = Release|Any CPU
	EndGlobalSection
	GlobalSection(ProjectConfigurationPlatforms) = postSolution
		{EF3129F9-76D0-4B04-9DFD-BA80FDD15DC1}.Debug|Any CPU.ActiveCfg = Debug|Any CPU
		{EF3129F9-76D0-4B04-9DFD-BA80FDD15DC1}.Debug|Any CPU.Build.0 = Debug|Any CPU
		{EF3129F9-76D0-4B04-9DFD-BA80FDD15DC1}.Release|Any CPU.ActiveCfg = Release|Any CPU
		{EF3129F9-76D0-4B04-9DFD-BA80FDD15DC1}.Release|Any CPU.Build.0 = Release|Any CPU
		{7828BCE1-CAAD-4139-806B-7723509C8DA0}.Debug|Any CPU.ActiveCfg = Debug|Any CPU
		{7828BCE1-CAAD-4139-806B-7723509C8DA0}.Debug|Any CPU.Build.0 = Debug|Any CPU
		{7828BCE1-CAAD-4139-806B-7723509C8DA0}.Release|Any CPU.ActiveCfg = Release|Any CPU
		{7828BCE1-CAAD-4139-806B-7723509C8DA0}.Release|Any CPU.Build.0 = Release|Any CPU
		{D6A8D5D9-1856-4FDE-A244-8515C73DFA4F}.Debug|Any CPU.ActiveCfg = Debug|Any CPU
		{D6A8D5D9-1856-4FDE-A244-8515C73DFA4F}.Debug|Any CPU.Build.0 = Debug|Any CPU
		{D6A8D5D9-1856-4FDE-A244-8515C73DFA4F}.Release|Any CPU.ActiveCfg = Release|Any CPU
		{D6A8D5D9-1856-4FDE-A244-8515C73DFA4F}.Release|Any CPU.Build.0 = Release|Any CPU
		{BDE1E908-8072-44A3-8CCE-EB3F3E9B191D}.Debug|Any CPU.ActiveCfg = Debug|Any CPU
		{BDE1E908-8072-44A3-8CCE-EB3F3E9B191D}.Debug|Any CPU.Build.0 = Debug|Any CPU
		{BDE1E908-8072-44A3-8CCE-EB3F3E9B191D}.Release|Any CPU.ActiveCfg = Release|Any CPU
		{BDE1E908-8072-44A3-8CCE-EB3F3E9B191D}.Release|Any CPU.Build.0 = Release|Any CPU
		{FF4DB8E4-8129-4B6B-8564-99004EF78B4D}.Debug|Any CPU.ActiveCfg = Debug|Any CPU
		{FF4DB8E4-8129-4B6B-8564-99004EF78B4D}.Debug|Any CPU.Build.0 = Debug|Any CPU
		{FF4DB8E4-8129-4B6B-8564-99004EF78B4D}.Release|Any CPU.ActiveCfg = Release|Any CPU
		{FF4DB8E4-8129-4B6B-8564-99004EF78B4D}.Release|Any CPU.Build.0 = Release|Any CPU
		{C3D3880E-205B-4608-8FD0-651FA5EE63AB}.Debug|Any CPU.ActiveCfg = Debug|Any CPU
		{C3D3880E-205B-4608-8FD0-651FA5EE63AB}.Debug|Any CPU.Build.0 = Debug|Any CPU
		{C3D3880E-205B-4608-8FD0-651FA5EE63AB}.Release|Any CPU.ActiveCfg = Release|Any CPU
		{C3D3880E-205B-4608-8FD0-651FA5EE63AB}.Release|Any CPU.Build.0 = Release|Any CPU
		{E1A30F53-831C-4171-8546-84268D060CEB}.Debug|Any CPU.ActiveCfg = Debug|Any CPU
		{E1A30F53-831C-4171-8546-84268D060CEB}.Debug|Any CPU.Build.0 = Debug|Any CPU
		{E1A30F53-831C-4171-8546-84268D060CEB}.Debug|Any CPU.Deploy.0 = Debug|Any CPU
		{E1A30F53-831C-4171-8546-84268D060CEB}.Release|Any CPU.ActiveCfg = Release|Any CPU
		{E1A30F53-831C-4171-8546-84268D060CEB}.Release|Any CPU.Build.0 = Release|Any CPU
		{E1A30F53-831C-4171-8546-84268D060CEB}.Release|Any CPU.Deploy.0 = Release|Any CPU
		{D36A7FBD-38E4-4026-A0F0-772AABEA1149}.Debug|Any CPU.ActiveCfg = Debug|Any CPU
		{D36A7FBD-38E4-4026-A0F0-772AABEA1149}.Debug|Any CPU.Build.0 = Debug|Any CPU
		{D36A7FBD-38E4-4026-A0F0-772AABEA1149}.Release|Any CPU.ActiveCfg = Release|Any CPU
		{D36A7FBD-38E4-4026-A0F0-772AABEA1149}.Release|Any CPU.Build.0 = Release|Any CPU
		{7C9F9A46-0787-49C0-A706-1E1F5029E60F}.Debug|Any CPU.ActiveCfg = Debug|Any CPU
		{7C9F9A46-0787-49C0-A706-1E1F5029E60F}.Debug|Any CPU.Build.0 = Debug|Any CPU
		{7C9F9A46-0787-49C0-A706-1E1F5029E60F}.Release|Any CPU.ActiveCfg = Release|Any CPU
		{7C9F9A46-0787-49C0-A706-1E1F5029E60F}.Release|Any CPU.Build.0 = Release|Any CPU
		{3C4901AB-37C8-40D4-B921-6E7CEC983C09}.Debug|Any CPU.ActiveCfg = Debug|Any CPU
		{3C4901AB-37C8-40D4-B921-6E7CEC983C09}.Debug|Any CPU.Build.0 = Debug|Any CPU
		{3C4901AB-37C8-40D4-B921-6E7CEC983C09}.Debug|Any CPU.Deploy.0 = Debug|Any CPU
		{3C4901AB-37C8-40D4-B921-6E7CEC983C09}.Release|Any CPU.ActiveCfg = Release|Any CPU
		{3C4901AB-37C8-40D4-B921-6E7CEC983C09}.Release|Any CPU.Build.0 = Release|Any CPU
		{3C4901AB-37C8-40D4-B921-6E7CEC983C09}.Release|Any CPU.Deploy.0 = Release|Any CPU
		{6B925B75-DEB5-4A9F-AE32-FD30BED7CCC1}.Debug|Any CPU.ActiveCfg = Debug|Any CPU
		{6B925B75-DEB5-4A9F-AE32-FD30BED7CCC1}.Debug|Any CPU.Build.0 = Debug|Any CPU
		{6B925B75-DEB5-4A9F-AE32-FD30BED7CCC1}.Release|Any CPU.ActiveCfg = Release|Any CPU
		{6B925B75-DEB5-4A9F-AE32-FD30BED7CCC1}.Release|Any CPU.Build.0 = Release|Any CPU
		{6DEA6BAE-25E2-438A-BDEE-6B0E2F7A7C96}.Debug|Any CPU.ActiveCfg = Debug|Any CPU
		{6DEA6BAE-25E2-438A-BDEE-6B0E2F7A7C96}.Debug|Any CPU.Build.0 = Debug|Any CPU
		{6DEA6BAE-25E2-438A-BDEE-6B0E2F7A7C96}.Release|Any CPU.ActiveCfg = Release|Any CPU
		{6DEA6BAE-25E2-438A-BDEE-6B0E2F7A7C96}.Release|Any CPU.Build.0 = Release|Any CPU
		{968F6BFA-96F0-48C9-84B8-B629F8612E00}.Debug|Any CPU.ActiveCfg = Debug|Any CPU
		{968F6BFA-96F0-48C9-84B8-B629F8612E00}.Debug|Any CPU.Build.0 = Debug|Any CPU
		{968F6BFA-96F0-48C9-84B8-B629F8612E00}.Debug|Any CPU.Deploy.0 = Debug|Any CPU
		{968F6BFA-96F0-48C9-84B8-B629F8612E00}.Release|Any CPU.ActiveCfg = Release|Any CPU
		{968F6BFA-96F0-48C9-84B8-B629F8612E00}.Release|Any CPU.Build.0 = Release|Any CPU
		{968F6BFA-96F0-48C9-84B8-B629F8612E00}.Release|Any CPU.Deploy.0 = Release|Any CPU
		{A3679ECB-BBE3-4CC3-BEB7-14B492476EF6}.Debug|Any CPU.ActiveCfg = Debug|Any CPU
		{A3679ECB-BBE3-4CC3-BEB7-14B492476EF6}.Debug|Any CPU.Build.0 = Debug|Any CPU
		{A3679ECB-BBE3-4CC3-BEB7-14B492476EF6}.Debug|Any CPU.Deploy.0 = Debug|Any CPU
		{A3679ECB-BBE3-4CC3-BEB7-14B492476EF6}.Release|Any CPU.ActiveCfg = Release|Any CPU
		{A3679ECB-BBE3-4CC3-BEB7-14B492476EF6}.Release|Any CPU.Build.0 = Release|Any CPU
		{A3679ECB-BBE3-4CC3-BEB7-14B492476EF6}.Release|Any CPU.Deploy.0 = Release|Any CPU
		{10B21E9A-DCD1-45A1-BA79-03F58032BF2E}.Debug|Any CPU.ActiveCfg = Debug|Any CPU
		{10B21E9A-DCD1-45A1-BA79-03F58032BF2E}.Debug|Any CPU.Build.0 = Debug|Any CPU
		{10B21E9A-DCD1-45A1-BA79-03F58032BF2E}.Debug|Any CPU.Deploy.0 = Debug|Any CPU
		{10B21E9A-DCD1-45A1-BA79-03F58032BF2E}.Release|Any CPU.ActiveCfg = Release|Any CPU
		{10B21E9A-DCD1-45A1-BA79-03F58032BF2E}.Release|Any CPU.Build.0 = Release|Any CPU
		{10B21E9A-DCD1-45A1-BA79-03F58032BF2E}.Release|Any CPU.Deploy.0 = Release|Any CPU
	EndGlobalSection
	GlobalSection(SolutionProperties) = preSolution
		HideSolutionNode = FALSE
	EndGlobalSection
	GlobalSection(NestedProjects) = preSolution
		{BDE1E908-8072-44A3-8CCE-EB3F3E9B191D} = {58C4412D-464A-4AB5-ACC8-72B446780173}
		{FF4DB8E4-8129-4B6B-8564-99004EF78B4D} = {58C4412D-464A-4AB5-ACC8-72B446780173}
		{C3D3880E-205B-4608-8FD0-651FA5EE63AB} = {58C4412D-464A-4AB5-ACC8-72B446780173}
		{E1A30F53-831C-4171-8546-84268D060CEB} = {A809F07D-DD94-4375-8776-23FBE73591A5}
		{D36A7FBD-38E4-4026-A0F0-772AABEA1149} = {A809F07D-DD94-4375-8776-23FBE73591A5}
		{7C9F9A46-0787-49C0-A706-1E1F5029E60F} = {A809F07D-DD94-4375-8776-23FBE73591A5}
		{3C4901AB-37C8-40D4-B921-6E7CEC983C09} = {A809F07D-DD94-4375-8776-23FBE73591A5}
		{6B925B75-DEB5-4A9F-AE32-FD30BED7CCC1} = {A809F07D-DD94-4375-8776-23FBE73591A5}
		{6DEA6BAE-25E2-438A-BDEE-6B0E2F7A7C96} = {A809F07D-DD94-4375-8776-23FBE73591A5}
		{968F6BFA-96F0-48C9-84B8-B629F8612E00} = {A809F07D-DD94-4375-8776-23FBE73591A5}
		{A3679ECB-BBE3-4CC3-BEB7-14B492476EF6} = {A809F07D-DD94-4375-8776-23FBE73591A5}
		{10B21E9A-DCD1-45A1-BA79-03F58032BF2E} = {A809F07D-DD94-4375-8776-23FBE73591A5}
	EndGlobalSection
	GlobalSection(ExtensibilityGlobals) = postSolution
		SolutionGuid = {E3F002EA-1A25-487F-9A5D-93D1E7EC6E31}
	EndGlobalSection
EndGlobal
