
Microsoft Visual Studio Solution File, Format Version 12.00
# Visual Studio Version 17
VisualStudioVersion = 17.6.33723.286
MinimumVisualStudioVersion = 10.0.40219.1
Project("{9A19103F-16F7-4668-BE54-9A1E7A4F7556}") = "Blinky", "Blinky\Blinky.csproj", "{EF3129F9-76D0-4B04-9DFD-BA80FDD15DC1}"
EndProject
Project("{9A19103F-16F7-4668-BE54-9A1E7A4F7556}") = "CharacterDisplaySample", "CharacterDisplaySample\CharacterDisplaySample.csproj", "{7828BCE1-CAAD-4139-806B-7723509C8DA0}"
EndProject
Project("{9A19103F-16F7-4668-BE54-9A1E7A4F7556}") = "WifiWeather", "WifiWeather\WifiWeather.csproj", "{D6A8D5D9-1856-4FDE-A244-8515C73DFA4F}"
EndProject
Project("{2150E333-8FDC-42A3-9474-1A3956D46DE8}") = "HMI", "HMI", "{B4DA1242-03B2-4086-BC25-A3736E3EF274}"
EndProject
Project("{2150E333-8FDC-42A3-9474-1A3956D46DE8}") = "IO", "IO", "{D50B7A98-8066-4286-9A4E-E065EFC05D30}"
EndProject
Project("{2150E333-8FDC-42A3-9474-1A3956D46DE8}") = "Network", "Network", "{805A8786-6D97-4A43-9EA0-C0D21165F436}"
EndProject
Project("{9A19103F-16F7-4668-BE54-9A1E7A4F7556}") = "AvaloniaMeadow", "..\Linux\Avalonia_Sample\AvaloniaMeadow.csproj", "{64C7E19A-9771-4895-8ADE-AF77EB85C798}"
EndProject
Project("{9A19103F-16F7-4668-BE54-9A1E7A4F7556}") = "MauiMeadow", "MauiMeadow\MauiMeadow.csproj", "{69475DE8-902A-4DD0-9F2C-A3F6FCDFBCF4}"
EndProject
Project("{9A19103F-16F7-4668-BE54-9A1E7A4F7556}") = "WinForms", "WinForms\WinForms.csproj", "{E994C54A-9A2D-485B-8B4D-6726D45E6B23}"
EndProject
Project("{2150E333-8FDC-42A3-9474-1A3956D46DE8}") = "_External", "_External", "{7F4F15F1-7391-4236-9B97-10A5BDFAB01B}"
EndProject
Project("{9A19103F-16F7-4668-BE54-9A1E7A4F7556}") = "Displays.Max7219", "..\..\..\Meadow.Foundation\Source\Meadow.Foundation.Peripherals\Displays.Max7219\Driver\Displays.Max7219.csproj", "{991DC4E1-3FDD-4A6A-8E3E-9E319FD4312E}"
EndProject
Project("{9A19103F-16F7-4668-BE54-9A1E7A4F7556}") = "Displays.TftSpi", "..\..\..\Meadow.Foundation\Source\Meadow.Foundation.Peripherals\Displays.TftSpi\Driver\Displays.TftSpi.csproj", "{1A548727-E623-47C6-BF8B-A764685C334E}"
EndProject
Project("{9A19103F-16F7-4668-BE54-9A1E7A4F7556}") = "Displays.WinForms", "..\..\..\Meadow.Foundation\Source\Meadow.Foundation.Peripherals\Displays.WinForms\Driver\Displays.WinForms.csproj", "{88A33E3F-5185-4F55-9B34-6FFB1E50B0AA}"
EndProject
Project("{9A19103F-16F7-4668-BE54-9A1E7A4F7556}") = "Graphics.MicroGraphics", "..\..\..\Meadow.Foundation\Source\Meadow.Foundation.Libraries_and_Frameworks\Graphics.MicroGraphics\Driver\Graphics.MicroGraphics.csproj", "{01D69ACD-B6E0-48FB-99E8-2A3F0131D0CD}"
EndProject
Project("{9A19103F-16F7-4668-BE54-9A1E7A4F7556}") = "ICs.IOExpanders.Ft232h", "..\..\..\Meadow.Foundation\Source\Meadow.Foundation.Peripherals\ICs.IOExpanders.Ft232h\Driver\ICs.IOExpanders.Ft232h.csproj", "{6C278498-996F-47C8-B198-4FA200AA3A46}"
EndProject
Project("{9A19103F-16F7-4668-BE54-9A1E7A4F7556}") = "Meadow.Avalonia", "..\..\..\Meadow.Core\source\ui\Meadow.Avalonia\Meadow.Avalonia.csproj", "{F57F2608-E94A-404C-A2F2-7EE5018E0D70}"
EndProject
Project("{9A19103F-16F7-4668-BE54-9A1E7A4F7556}") = "Meadow.Contracts", "..\..\..\Meadow.Contracts\Source\Meadow.Contracts\Meadow.Contracts.csproj", "{84EA9625-2852-4B88-9356-CDBDD8075A5C}"
EndProject
Project("{9A19103F-16F7-4668-BE54-9A1E7A4F7556}") = "Meadow.Core", "..\..\..\Meadow.Core\source\Meadow.Core\Meadow.Core.csproj", "{C52DDC71-E327-4166-9F07-50360264E5F6}"
EndProject
Project("{9A19103F-16F7-4668-BE54-9A1E7A4F7556}") = "Meadow.Foundation.Core", "..\..\..\Meadow.Foundation\Source\Meadow.Foundation.Core\Meadow.Foundation.Core.csproj", "{4199137E-4C86-4D86-AFE4-9AD156AD602F}"
EndProject
Project("{9A19103F-16F7-4668-BE54-9A1E7A4F7556}") = "Meadow.Logging", "..\..\..\Meadow.Logging\Source\Meadow.Logging\lib\Meadow.Logging.csproj", "{ADC76366-6BD1-4207-BC27-2175E23708DD}"
EndProject
Project("{9A19103F-16F7-4668-BE54-9A1E7A4F7556}") = "Meadow.Maui", "..\..\..\Meadow.Core\source\ui\Meadow.Maui\Meadow.Maui.csproj", "{FDE15F9B-1C9E-443F-AC60-D06A1A39C118}"
EndProject
Project("{9A19103F-16F7-4668-BE54-9A1E7A4F7556}") = "Meadow.Windows", "..\..\..\Meadow.Core\source\implementations\windows\Meadow.Windows\Meadow.Windows.csproj", "{F8FA73FE-CF3B-49DE-B4F6-5B05AC6AC214}"
EndProject
Project("{9A19103F-16F7-4668-BE54-9A1E7A4F7556}") = "Meadow.Modbus", "..\..\..\Meadow.Modbus\src\Meadow.Modbus\Meadow.Modbus.csproj", "{48EA2447-3474-4A56-B456-5C33C7C569A3}"
EndProject
Project("{9A19103F-16F7-4668-BE54-9A1E7A4F7556}") = "Meadow.Units", "..\..\..\Meadow.Units\Source\Meadow.Units\Meadow.Units.csproj", "{BB6C8727-0E6D-4AC2-B1C7-B12024931F79}"
EndProject
Project("{9A19103F-16F7-4668-BE54-9A1E7A4F7556}") = "MQTTnet", "..\..\..\MQTTnet\Source\MQTTnet\MQTTnet.csproj", "{5642E707-3C1E-462D-8DC5-5FCACBE1A38C}"
EndProject
Project("{9A19103F-16F7-4668-BE54-9A1E7A4F7556}") = "RTCs.Ds1307", "..\..\..\Meadow.Foundation\Source\Meadow.Foundation.Peripherals\RTCs.Ds1307\Driver\RTCs.Ds1307.csproj", "{E23A3D54-445C-41B4-AAC0-C12424E9BA9F}"
EndProject
Project("{9A19103F-16F7-4668-BE54-9A1E7A4F7556}") = "Sensors.Atmospheric.Bme280", "..\..\..\Meadow.Foundation\Source\Meadow.Foundation.Peripherals\Sensors.Atmospheric.Bme280\Driver\Sensors.Atmospheric.Bme280.csproj", "{575651A6-1A68-49AE-AF06-791F384201E0}"
EndProject
Project("{9A19103F-16F7-4668-BE54-9A1E7A4F7556}") = "Sensors.Hid.Keyboard", "..\..\..\Meadow.Foundation\Source\Meadow.Foundation.Peripherals\Sensors.Hid.Keyboard\Driver\Sensors.Hid.Keyboard.csproj", "{61E83655-B8CA-424A-ABAC-1CFE74B1BA77}"
EndProject
Project("{9A19103F-16F7-4668-BE54-9A1E7A4F7556}") = "Sensors.Motion.Bno055", "..\..\..\Meadow.Foundation\Source\Meadow.Foundation.Peripherals\Sensors.Motion.Bno055\Driver\Sensors.Motion.Bno055.csproj", "{3FFBCCB3-DD0A-4731-896B-A84BFE1DD117}"
EndProject
Project("{9A19103F-16F7-4668-BE54-9A1E7A4F7556}") = "Sensors.Motion.Mpu6050", "..\..\..\Meadow.Foundation\Source\Meadow.Foundation.Peripherals\Sensors.Motion.Mpu6050\Driver\Sensors.Motion.Mpu6050.csproj", "{2EDD6711-7A77-486D-9071-8D9878DFDA28}"
EndProject
Project("{9A19103F-16F7-4668-BE54-9A1E7A4F7556}") = "DigitalOutputPort", "DigitalOutputPort\DigitalOutputPort.csproj", "{09382F7D-8264-461E-BBBC-164172934C1D}"
EndProject
Project("{9A19103F-16F7-4668-BE54-9A1E7A4F7556}") = "I2C", "I2C\I2C.csproj", "{179F4FE8-43E0-47BA-8EC1-6038D35C19E2}"
EndProject
Project("{9A19103F-16F7-4668-BE54-9A1E7A4F7556}") = "Keyboard", "Keyboard\Keyboard.csproj", "{16418647-953D-4533-B95B-D1B679F1C851}"
EndProject
Project("{9A19103F-16F7-4668-BE54-9A1E7A4F7556}") = "Max7219Sample", "Max7219\Max7219Sample.csproj", "{4C944420-59E2-47A9-8B64-65F49F3142B5}"
EndProject
Project("{9A19103F-16F7-4668-BE54-9A1E7A4F7556}") = "SerialPort", "SerialPort\SerialPort.csproj", "{A48D5A0A-12C5-4A2A-95CD-346941678AAA}"
EndProject
Project("{9A19103F-16F7-4668-BE54-9A1E7A4F7556}") = "SPI", "SPI\SPI.csproj", "{5516A655-72DE-4A42-8309-2B89F7D9CD3C}"
EndProject
Project("{9A19103F-16F7-4668-BE54-9A1E7A4F7556}") = "NetworkBasics", "NetworkBasics\NetworkBasics.csproj", "{92561932-896F-4F01-9ADB-2114CD2CC671}"
EndProject
Project("{9A19103F-16F7-4668-BE54-9A1E7A4F7556}") = "Meadow.Linux", "..\..\..\Meadow.Core\source\implementations\linux\Meadow.Linux\Meadow.Linux.csproj", "{6C73ADC9-574E-4CE6-AD7D-E230CAC8C9AC}"
EndProject
Project("{9A19103F-16F7-4668-BE54-9A1E7A4F7556}") = "Displays.Lcd.CharacterDisplay", "..\..\..\Meadow.Foundation\Source\Meadow.Foundation.Peripherals\Displays.Lcd.CharacterDisplay\Driver\Displays.Lcd.CharacterDisplay.csproj", "{CFD607DC-F21E-4D9A-B7F9-DECFCF6E5B89}"
EndProject
Global
	GlobalSection(SolutionConfigurationPlatforms) = preSolution
		Debug|Any CPU = Debug|Any CPU
		Release|Any CPU = Release|Any CPU
	EndGlobalSection
	GlobalSection(ProjectConfigurationPlatforms) = postSolution
		{EF3129F9-76D0-4B04-9DFD-BA80FDD15DC1}.Debug|Any CPU.ActiveCfg = Debug|Any CPU
		{EF3129F9-76D0-4B04-9DFD-BA80FDD15DC1}.Debug|Any CPU.Build.0 = Debug|Any CPU
		{EF3129F9-76D0-4B04-9DFD-BA80FDD15DC1}.Release|Any CPU.ActiveCfg = Release|Any CPU
		{EF3129F9-76D0-4B04-9DFD-BA80FDD15DC1}.Release|Any CPU.Build.0 = Release|Any CPU
		{7828BCE1-CAAD-4139-806B-7723509C8DA0}.Debug|Any CPU.ActiveCfg = Debug|Any CPU
		{7828BCE1-CAAD-4139-806B-7723509C8DA0}.Debug|Any CPU.Build.0 = Debug|Any CPU
		{7828BCE1-CAAD-4139-806B-7723509C8DA0}.Release|Any CPU.ActiveCfg = Release|Any CPU
		{7828BCE1-CAAD-4139-806B-7723509C8DA0}.Release|Any CPU.Build.0 = Release|Any CPU
		{D6A8D5D9-1856-4FDE-A244-8515C73DFA4F}.Debug|Any CPU.ActiveCfg = Debug|Any CPU
		{D6A8D5D9-1856-4FDE-A244-8515C73DFA4F}.Debug|Any CPU.Build.0 = Debug|Any CPU
		{D6A8D5D9-1856-4FDE-A244-8515C73DFA4F}.Release|Any CPU.ActiveCfg = Release|Any CPU
		{D6A8D5D9-1856-4FDE-A244-8515C73DFA4F}.Release|Any CPU.Build.0 = Release|Any CPU
		{64C7E19A-9771-4895-8ADE-AF77EB85C798}.Debug|Any CPU.ActiveCfg = Debug|Any CPU
		{64C7E19A-9771-4895-8ADE-AF77EB85C798}.Debug|Any CPU.Build.0 = Debug|Any CPU
		{64C7E19A-9771-4895-8ADE-AF77EB85C798}.Release|Any CPU.ActiveCfg = Release|Any CPU
		{64C7E19A-9771-4895-8ADE-AF77EB85C798}.Release|Any CPU.Build.0 = Release|Any CPU
		{69475DE8-902A-4DD0-9F2C-A3F6FCDFBCF4}.Debug|Any CPU.ActiveCfg = Debug|Any CPU
		{69475DE8-902A-4DD0-9F2C-A3F6FCDFBCF4}.Debug|Any CPU.Build.0 = Debug|Any CPU
		{69475DE8-902A-4DD0-9F2C-A3F6FCDFBCF4}.Release|Any CPU.ActiveCfg = Release|Any CPU
		{69475DE8-902A-4DD0-9F2C-A3F6FCDFBCF4}.Release|Any CPU.Build.0 = Release|Any CPU
		{E994C54A-9A2D-485B-8B4D-6726D45E6B23}.Debug|Any CPU.ActiveCfg = Debug|Any CPU
		{E994C54A-9A2D-485B-8B4D-6726D45E6B23}.Debug|Any CPU.Build.0 = Debug|Any CPU
		{E994C54A-9A2D-485B-8B4D-6726D45E6B23}.Release|Any CPU.ActiveCfg = Release|Any CPU
		{E994C54A-9A2D-485B-8B4D-6726D45E6B23}.Release|Any CPU.Build.0 = Release|Any CPU
		{991DC4E1-3FDD-4A6A-8E3E-9E319FD4312E}.Debug|Any CPU.ActiveCfg = Debug|Any CPU
		{991DC4E1-3FDD-4A6A-8E3E-9E319FD4312E}.Debug|Any CPU.Build.0 = Debug|Any CPU
		{991DC4E1-3FDD-4A6A-8E3E-9E319FD4312E}.Debug|Any CPU.Deploy.0 = Debug|Any CPU
		{991DC4E1-3FDD-4A6A-8E3E-9E319FD4312E}.Release|Any CPU.ActiveCfg = Release|Any CPU
		{991DC4E1-3FDD-4A6A-8E3E-9E319FD4312E}.Release|Any CPU.Build.0 = Release|Any CPU
		{991DC4E1-3FDD-4A6A-8E3E-9E319FD4312E}.Release|Any CPU.Deploy.0 = Release|Any CPU
		{1A548727-E623-47C6-BF8B-A764685C334E}.Debug|Any CPU.ActiveCfg = Debug|Any CPU
		{1A548727-E623-47C6-BF8B-A764685C334E}.Debug|Any CPU.Build.0 = Debug|Any CPU
		{1A548727-E623-47C6-BF8B-A764685C334E}.Debug|Any CPU.Deploy.0 = Debug|Any CPU
		{1A548727-E623-47C6-BF8B-A764685C334E}.Release|Any CPU.ActiveCfg = Release|Any CPU
		{1A548727-E623-47C6-BF8B-A764685C334E}.Release|Any CPU.Build.0 = Release|Any CPU
		{1A548727-E623-47C6-BF8B-A764685C334E}.Release|Any CPU.Deploy.0 = Release|Any CPU
		{88A33E3F-5185-4F55-9B34-6FFB1E50B0AA}.Debug|Any CPU.ActiveCfg = Debug|Any CPU
		{88A33E3F-5185-4F55-9B34-6FFB1E50B0AA}.Debug|Any CPU.Build.0 = Debug|Any CPU
		{88A33E3F-5185-4F55-9B34-6FFB1E50B0AA}.Release|Any CPU.ActiveCfg = Release|Any CPU
		{88A33E3F-5185-4F55-9B34-6FFB1E50B0AA}.Release|Any CPU.Build.0 = Release|Any CPU
		{01D69ACD-B6E0-48FB-99E8-2A3F0131D0CD}.Debug|Any CPU.ActiveCfg = Debug|Any CPU
		{01D69ACD-B6E0-48FB-99E8-2A3F0131D0CD}.Debug|Any CPU.Build.0 = Debug|Any CPU
		{01D69ACD-B6E0-48FB-99E8-2A3F0131D0CD}.Debug|Any CPU.Deploy.0 = Debug|Any CPU
		{01D69ACD-B6E0-48FB-99E8-2A3F0131D0CD}.Release|Any CPU.ActiveCfg = Release|Any CPU
		{01D69ACD-B6E0-48FB-99E8-2A3F0131D0CD}.Release|Any CPU.Build.0 = Release|Any CPU
		{01D69ACD-B6E0-48FB-99E8-2A3F0131D0CD}.Release|Any CPU.Deploy.0 = Release|Any CPU
		{6C278498-996F-47C8-B198-4FA200AA3A46}.Debug|Any CPU.ActiveCfg = Debug|Any CPU
		{6C278498-996F-47C8-B198-4FA200AA3A46}.Debug|Any CPU.Build.0 = Debug|Any CPU
		{6C278498-996F-47C8-B198-4FA200AA3A46}.Debug|Any CPU.Deploy.0 = Debug|Any CPU
		{6C278498-996F-47C8-B198-4FA200AA3A46}.Release|Any CPU.ActiveCfg = Release|Any CPU
		{6C278498-996F-47C8-B198-4FA200AA3A46}.Release|Any CPU.Build.0 = Release|Any CPU
		{6C278498-996F-47C8-B198-4FA200AA3A46}.Release|Any CPU.Deploy.0 = Release|Any CPU
		{F57F2608-E94A-404C-A2F2-7EE5018E0D70}.Debug|Any CPU.ActiveCfg = Debug|Any CPU
		{F57F2608-E94A-404C-A2F2-7EE5018E0D70}.Debug|Any CPU.Build.0 = Debug|Any CPU
		{F57F2608-E94A-404C-A2F2-7EE5018E0D70}.Release|Any CPU.ActiveCfg = Release|Any CPU
		{F57F2608-E94A-404C-A2F2-7EE5018E0D70}.Release|Any CPU.Build.0 = Release|Any CPU
		{84EA9625-2852-4B88-9356-CDBDD8075A5C}.Debug|Any CPU.ActiveCfg = Debug|Any CPU
		{84EA9625-2852-4B88-9356-CDBDD8075A5C}.Debug|Any CPU.Build.0 = Debug|Any CPU
		{84EA9625-2852-4B88-9356-CDBDD8075A5C}.Debug|Any CPU.Deploy.0 = Debug|Any CPU
		{84EA9625-2852-4B88-9356-CDBDD8075A5C}.Release|Any CPU.ActiveCfg = Release|Any CPU
		{84EA9625-2852-4B88-9356-CDBDD8075A5C}.Release|Any CPU.Build.0 = Release|Any CPU
		{84EA9625-2852-4B88-9356-CDBDD8075A5C}.Release|Any CPU.Deploy.0 = Release|Any CPU
		{C52DDC71-E327-4166-9F07-50360264E5F6}.Debug|Any CPU.ActiveCfg = Debug|Any CPU
		{C52DDC71-E327-4166-9F07-50360264E5F6}.Debug|Any CPU.Build.0 = Debug|Any CPU
		{C52DDC71-E327-4166-9F07-50360264E5F6}.Debug|Any CPU.Deploy.0 = Debug|Any CPU
		{C52DDC71-E327-4166-9F07-50360264E5F6}.Release|Any CPU.ActiveCfg = Release|Any CPU
		{C52DDC71-E327-4166-9F07-50360264E5F6}.Release|Any CPU.Build.0 = Release|Any CPU
		{C52DDC71-E327-4166-9F07-50360264E5F6}.Release|Any CPU.Deploy.0 = Release|Any CPU
		{4199137E-4C86-4D86-AFE4-9AD156AD602F}.Debug|Any CPU.ActiveCfg = Debug|Any CPU
		{4199137E-4C86-4D86-AFE4-9AD156AD602F}.Debug|Any CPU.Build.0 = Debug|Any CPU
		{4199137E-4C86-4D86-AFE4-9AD156AD602F}.Debug|Any CPU.Deploy.0 = Debug|Any CPU
		{4199137E-4C86-4D86-AFE4-9AD156AD602F}.Release|Any CPU.ActiveCfg = Release|Any CPU
		{4199137E-4C86-4D86-AFE4-9AD156AD602F}.Release|Any CPU.Build.0 = Release|Any CPU
		{4199137E-4C86-4D86-AFE4-9AD156AD602F}.Release|Any CPU.Deploy.0 = Release|Any CPU
		{ADC76366-6BD1-4207-BC27-2175E23708DD}.Debug|Any CPU.ActiveCfg = Debug|Any CPU
		{ADC76366-6BD1-4207-BC27-2175E23708DD}.Debug|Any CPU.Build.0 = Debug|Any CPU
		{ADC76366-6BD1-4207-BC27-2175E23708DD}.Release|Any CPU.ActiveCfg = Release|Any CPU
		{ADC76366-6BD1-4207-BC27-2175E23708DD}.Release|Any CPU.Build.0 = Release|Any CPU
		{FDE15F9B-1C9E-443F-AC60-D06A1A39C118}.Debug|Any CPU.ActiveCfg = Debug|Any CPU
		{FDE15F9B-1C9E-443F-AC60-D06A1A39C118}.Debug|Any CPU.Build.0 = Debug|Any CPU
		{FDE15F9B-1C9E-443F-AC60-D06A1A39C118}.Release|Any CPU.ActiveCfg = Release|Any CPU
		{FDE15F9B-1C9E-443F-AC60-D06A1A39C118}.Release|Any CPU.Build.0 = Release|Any CPU
		{F8FA73FE-CF3B-49DE-B4F6-5B05AC6AC214}.Debug|Any CPU.ActiveCfg = Debug|Any CPU
		{F8FA73FE-CF3B-49DE-B4F6-5B05AC6AC214}.Debug|Any CPU.Build.0 = Debug|Any CPU
		{F8FA73FE-CF3B-49DE-B4F6-5B05AC6AC214}.Release|Any CPU.ActiveCfg = Release|Any CPU
		{F8FA73FE-CF3B-49DE-B4F6-5B05AC6AC214}.Release|Any CPU.Build.0 = Release|Any CPU
		{48EA2447-3474-4A56-B456-5C33C7C569A3}.Debug|Any CPU.ActiveCfg = Debug|Any CPU
		{48EA2447-3474-4A56-B456-5C33C7C569A3}.Debug|Any CPU.Build.0 = Debug|Any CPU
		{48EA2447-3474-4A56-B456-5C33C7C569A3}.Release|Any CPU.ActiveCfg = Release|Any CPU
		{48EA2447-3474-4A56-B456-5C33C7C569A3}.Release|Any CPU.Build.0 = Release|Any CPU
		{BB6C8727-0E6D-4AC2-B1C7-B12024931F79}.Debug|Any CPU.ActiveCfg = Debug|Any CPU
		{BB6C8727-0E6D-4AC2-B1C7-B12024931F79}.Debug|Any CPU.Build.0 = Debug|Any CPU
		{BB6C8727-0E6D-4AC2-B1C7-B12024931F79}.Debug|Any CPU.Deploy.0 = Debug|Any CPU
		{BB6C8727-0E6D-4AC2-B1C7-B12024931F79}.Release|Any CPU.ActiveCfg = Release|Any CPU
		{BB6C8727-0E6D-4AC2-B1C7-B12024931F79}.Release|Any CPU.Build.0 = Release|Any CPU
		{BB6C8727-0E6D-4AC2-B1C7-B12024931F79}.Release|Any CPU.Deploy.0 = Release|Any CPU
		{5642E707-3C1E-462D-8DC5-5FCACBE1A38C}.Debug|Any CPU.ActiveCfg = Debug|Any CPU
		{5642E707-3C1E-462D-8DC5-5FCACBE1A38C}.Debug|Any CPU.Build.0 = Debug|Any CPU
		{5642E707-3C1E-462D-8DC5-5FCACBE1A38C}.Release|Any CPU.ActiveCfg = Release|Any CPU
		{5642E707-3C1E-462D-8DC5-5FCACBE1A38C}.Release|Any CPU.Build.0 = Release|Any CPU
		{E23A3D54-445C-41B4-AAC0-C12424E9BA9F}.Debug|Any CPU.ActiveCfg = Debug|Any CPU
		{E23A3D54-445C-41B4-AAC0-C12424E9BA9F}.Debug|Any CPU.Build.0 = Debug|Any CPU
		{E23A3D54-445C-41B4-AAC0-C12424E9BA9F}.Debug|Any CPU.Deploy.0 = Debug|Any CPU
		{E23A3D54-445C-41B4-AAC0-C12424E9BA9F}.Release|Any CPU.ActiveCfg = Release|Any CPU
		{E23A3D54-445C-41B4-AAC0-C12424E9BA9F}.Release|Any CPU.Build.0 = Release|Any CPU
		{E23A3D54-445C-41B4-AAC0-C12424E9BA9F}.Release|Any CPU.Deploy.0 = Release|Any CPU
		{575651A6-1A68-49AE-AF06-791F384201E0}.Debug|Any CPU.ActiveCfg = Debug|Any CPU
		{575651A6-1A68-49AE-AF06-791F384201E0}.Debug|Any CPU.Build.0 = Debug|Any CPU
		{575651A6-1A68-49AE-AF06-791F384201E0}.Debug|Any CPU.Deploy.0 = Debug|Any CPU
		{575651A6-1A68-49AE-AF06-791F384201E0}.Release|Any CPU.ActiveCfg = Release|Any CPU
		{575651A6-1A68-49AE-AF06-791F384201E0}.Release|Any CPU.Build.0 = Release|Any CPU
		{575651A6-1A68-49AE-AF06-791F384201E0}.Release|Any CPU.Deploy.0 = Release|Any CPU
		{61E83655-B8CA-424A-ABAC-1CFE74B1BA77}.Debug|Any CPU.ActiveCfg = Debug|Any CPU
		{61E83655-B8CA-424A-ABAC-1CFE74B1BA77}.Debug|Any CPU.Build.0 = Debug|Any CPU
		{61E83655-B8CA-424A-ABAC-1CFE74B1BA77}.Release|Any CPU.ActiveCfg = Release|Any CPU
		{61E83655-B8CA-424A-ABAC-1CFE74B1BA77}.Release|Any CPU.Build.0 = Release|Any CPU
		{3FFBCCB3-DD0A-4731-896B-A84BFE1DD117}.Debug|Any CPU.ActiveCfg = Debug|Any CPU
		{3FFBCCB3-DD0A-4731-896B-A84BFE1DD117}.Debug|Any CPU.Build.0 = Debug|Any CPU
		{3FFBCCB3-DD0A-4731-896B-A84BFE1DD117}.Debug|Any CPU.Deploy.0 = Debug|Any CPU
		{3FFBCCB3-DD0A-4731-896B-A84BFE1DD117}.Release|Any CPU.ActiveCfg = Release|Any CPU
		{3FFBCCB3-DD0A-4731-896B-A84BFE1DD117}.Release|Any CPU.Build.0 = Release|Any CPU
		{3FFBCCB3-DD0A-4731-896B-A84BFE1DD117}.Release|Any CPU.Deploy.0 = Release|Any CPU
		{2EDD6711-7A77-486D-9071-8D9878DFDA28}.Debug|Any CPU.ActiveCfg = Debug|Any CPU
		{2EDD6711-7A77-486D-9071-8D9878DFDA28}.Debug|Any CPU.Build.0 = Debug|Any CPU
		{2EDD6711-7A77-486D-9071-8D9878DFDA28}.Debug|Any CPU.Deploy.0 = Debug|Any CPU
		{2EDD6711-7A77-486D-9071-8D9878DFDA28}.Release|Any CPU.ActiveCfg = Release|Any CPU
		{2EDD6711-7A77-486D-9071-8D9878DFDA28}.Release|Any CPU.Build.0 = Release|Any CPU
		{2EDD6711-7A77-486D-9071-8D9878DFDA28}.Release|Any CPU.Deploy.0 = Release|Any CPU
		{09382F7D-8264-461E-BBBC-164172934C1D}.Debug|Any CPU.ActiveCfg = Debug|Any CPU
		{09382F7D-8264-461E-BBBC-164172934C1D}.Debug|Any CPU.Build.0 = Debug|Any CPU
		{09382F7D-8264-461E-BBBC-164172934C1D}.Release|Any CPU.ActiveCfg = Release|Any CPU
		{09382F7D-8264-461E-BBBC-164172934C1D}.Release|Any CPU.Build.0 = Release|Any CPU
		{179F4FE8-43E0-47BA-8EC1-6038D35C19E2}.Debug|Any CPU.ActiveCfg = Debug|Any CPU
		{179F4FE8-43E0-47BA-8EC1-6038D35C19E2}.Debug|Any CPU.Build.0 = Debug|Any CPU
		{179F4FE8-43E0-47BA-8EC1-6038D35C19E2}.Release|Any CPU.ActiveCfg = Release|Any CPU
		{179F4FE8-43E0-47BA-8EC1-6038D35C19E2}.Release|Any CPU.Build.0 = Release|Any CPU
		{16418647-953D-4533-B95B-D1B679F1C851}.Debug|Any CPU.ActiveCfg = Debug|Any CPU
		{16418647-953D-4533-B95B-D1B679F1C851}.Debug|Any CPU.Build.0 = Debug|Any CPU
		{16418647-953D-4533-B95B-D1B679F1C851}.Release|Any CPU.ActiveCfg = Release|Any CPU
		{16418647-953D-4533-B95B-D1B679F1C851}.Release|Any CPU.Build.0 = Release|Any CPU
		{4C944420-59E2-47A9-8B64-65F49F3142B5}.Debug|Any CPU.ActiveCfg = Debug|Any CPU
		{4C944420-59E2-47A9-8B64-65F49F3142B5}.Debug|Any CPU.Build.0 = Debug|Any CPU
		{4C944420-59E2-47A9-8B64-65F49F3142B5}.Release|Any CPU.ActiveCfg = Release|Any CPU
		{4C944420-59E2-47A9-8B64-65F49F3142B5}.Release|Any CPU.Build.0 = Release|Any CPU
		{A48D5A0A-12C5-4A2A-95CD-346941678AAA}.Debug|Any CPU.ActiveCfg = Debug|Any CPU
		{A48D5A0A-12C5-4A2A-95CD-346941678AAA}.Debug|Any CPU.Build.0 = Debug|Any CPU
		{A48D5A0A-12C5-4A2A-95CD-346941678AAA}.Release|Any CPU.ActiveCfg = Release|Any CPU
		{A48D5A0A-12C5-4A2A-95CD-346941678AAA}.Release|Any CPU.Build.0 = Release|Any CPU
		{5516A655-72DE-4A42-8309-2B89F7D9CD3C}.Debug|Any CPU.ActiveCfg = Debug|Any CPU
		{5516A655-72DE-4A42-8309-2B89F7D9CD3C}.Debug|Any CPU.Build.0 = Debug|Any CPU
		{5516A655-72DE-4A42-8309-2B89F7D9CD3C}.Release|Any CPU.ActiveCfg = Release|Any CPU
		{5516A655-72DE-4A42-8309-2B89F7D9CD3C}.Release|Any CPU.Build.0 = Release|Any CPU
		{92561932-896F-4F01-9ADB-2114CD2CC671}.Debug|Any CPU.ActiveCfg = Debug|Any CPU
		{92561932-896F-4F01-9ADB-2114CD2CC671}.Debug|Any CPU.Build.0 = Debug|Any CPU
		{92561932-896F-4F01-9ADB-2114CD2CC671}.Release|Any CPU.ActiveCfg = Release|Any CPU
		{92561932-896F-4F01-9ADB-2114CD2CC671}.Release|Any CPU.Build.0 = Release|Any CPU
		{6C73ADC9-574E-4CE6-AD7D-E230CAC8C9AC}.Debug|Any CPU.ActiveCfg = Debug|Any CPU
		{6C73ADC9-574E-4CE6-AD7D-E230CAC8C9AC}.Debug|Any CPU.Build.0 = Debug|Any CPU
		{6C73ADC9-574E-4CE6-AD7D-E230CAC8C9AC}.Debug|Any CPU.Deploy.0 = Debug|Any CPU
		{6C73ADC9-574E-4CE6-AD7D-E230CAC8C9AC}.Release|Any CPU.ActiveCfg = Release|Any CPU
		{6C73ADC9-574E-4CE6-AD7D-E230CAC8C9AC}.Release|Any CPU.Build.0 = Release|Any CPU
		{6C73ADC9-574E-4CE6-AD7D-E230CAC8C9AC}.Release|Any CPU.Deploy.0 = Release|Any CPU
		{CFD607DC-F21E-4D9A-B7F9-DECFCF6E5B89}.Debug|Any CPU.ActiveCfg = Debug|Any CPU
		{CFD607DC-F21E-4D9A-B7F9-DECFCF6E5B89}.Debug|Any CPU.Build.0 = Debug|Any CPU
		{CFD607DC-F21E-4D9A-B7F9-DECFCF6E5B89}.Debug|Any CPU.Deploy.0 = Debug|Any CPU
		{CFD607DC-F21E-4D9A-B7F9-DECFCF6E5B89}.Release|Any CPU.ActiveCfg = Release|Any CPU
		{CFD607DC-F21E-4D9A-B7F9-DECFCF6E5B89}.Release|Any CPU.Build.0 = Release|Any CPU
		{CFD607DC-F21E-4D9A-B7F9-DECFCF6E5B89}.Release|Any CPU.Deploy.0 = Release|Any CPU
	EndGlobalSection
	GlobalSection(SolutionProperties) = preSolution
		HideSolutionNode = FALSE
	EndGlobalSection
	GlobalSection(NestedProjects) = preSolution
		{EF3129F9-76D0-4B04-9DFD-BA80FDD15DC1} = {D50B7A98-8066-4286-9A4E-E065EFC05D30}
		{7828BCE1-CAAD-4139-806B-7723509C8DA0} = {D50B7A98-8066-4286-9A4E-E065EFC05D30}
		{D6A8D5D9-1856-4FDE-A244-8515C73DFA4F} = {805A8786-6D97-4A43-9EA0-C0D21165F436}
		{64C7E19A-9771-4895-8ADE-AF77EB85C798} = {B4DA1242-03B2-4086-BC25-A3736E3EF274}
		{69475DE8-902A-4DD0-9F2C-A3F6FCDFBCF4} = {B4DA1242-03B2-4086-BC25-A3736E3EF274}
		{E994C54A-9A2D-485B-8B4D-6726D45E6B23} = {B4DA1242-03B2-4086-BC25-A3736E3EF274}
		{991DC4E1-3FDD-4A6A-8E3E-9E319FD4312E} = {7F4F15F1-7391-4236-9B97-10A5BDFAB01B}
		{1A548727-E623-47C6-BF8B-A764685C334E} = {7F4F15F1-7391-4236-9B97-10A5BDFAB01B}
		{88A33E3F-5185-4F55-9B34-6FFB1E50B0AA} = {7F4F15F1-7391-4236-9B97-10A5BDFAB01B}
		{01D69ACD-B6E0-48FB-99E8-2A3F0131D0CD} = {7F4F15F1-7391-4236-9B97-10A5BDFAB01B}
		{6C278498-996F-47C8-B198-4FA200AA3A46} = {7F4F15F1-7391-4236-9B97-10A5BDFAB01B}
		{F57F2608-E94A-404C-A2F2-7EE5018E0D70} = {7F4F15F1-7391-4236-9B97-10A5BDFAB01B}
		{84EA9625-2852-4B88-9356-CDBDD8075A5C} = {7F4F15F1-7391-4236-9B97-10A5BDFAB01B}
		{C52DDC71-E327-4166-9F07-50360264E5F6} = {7F4F15F1-7391-4236-9B97-10A5BDFAB01B}
		{4199137E-4C86-4D86-AFE4-9AD156AD602F} = {7F4F15F1-7391-4236-9B97-10A5BDFAB01B}
		{ADC76366-6BD1-4207-BC27-2175E23708DD} = {7F4F15F1-7391-4236-9B97-10A5BDFAB01B}
		{FDE15F9B-1C9E-443F-AC60-D06A1A39C118} = {7F4F15F1-7391-4236-9B97-10A5BDFAB01B}
		{F8FA73FE-CF3B-49DE-B4F6-5B05AC6AC214} = {7F4F15F1-7391-4236-9B97-10A5BDFAB01B}
		{48EA2447-3474-4A56-B456-5C33C7C569A3} = {7F4F15F1-7391-4236-9B97-10A5BDFAB01B}
		{BB6C8727-0E6D-4AC2-B1C7-B12024931F79} = {7F4F15F1-7391-4236-9B97-10A5BDFAB01B}
		{5642E707-3C1E-462D-8DC5-5FCACBE1A38C} = {7F4F15F1-7391-4236-9B97-10A5BDFAB01B}
		{E23A3D54-445C-41B4-AAC0-C12424E9BA9F} = {7F4F15F1-7391-4236-9B97-10A5BDFAB01B}
		{575651A6-1A68-49AE-AF06-791F384201E0} = {7F4F15F1-7391-4236-9B97-10A5BDFAB01B}
		{61E83655-B8CA-424A-ABAC-1CFE74B1BA77} = {7F4F15F1-7391-4236-9B97-10A5BDFAB01B}
		{3FFBCCB3-DD0A-4731-896B-A84BFE1DD117} = {7F4F15F1-7391-4236-9B97-10A5BDFAB01B}
		{2EDD6711-7A77-486D-9071-8D9878DFDA28} = {7F4F15F1-7391-4236-9B97-10A5BDFAB01B}
		{09382F7D-8264-461E-BBBC-164172934C1D} = {D50B7A98-8066-4286-9A4E-E065EFC05D30}
		{179F4FE8-43E0-47BA-8EC1-6038D35C19E2} = {D50B7A98-8066-4286-9A4E-E065EFC05D30}
		{16418647-953D-4533-B95B-D1B679F1C851} = {D50B7A98-8066-4286-9A4E-E065EFC05D30}
		{4C944420-59E2-47A9-8B64-65F49F3142B5} = {D50B7A98-8066-4286-9A4E-E065EFC05D30}
		{A48D5A0A-12C5-4A2A-95CD-346941678AAA} = {D50B7A98-8066-4286-9A4E-E065EFC05D30}
		{5516A655-72DE-4A42-8309-2B89F7D9CD3C} = {D50B7A98-8066-4286-9A4E-E065EFC05D30}
		{92561932-896F-4F01-9ADB-2114CD2CC671} = {805A8786-6D97-4A43-9EA0-C0D21165F436}
		{6C73ADC9-574E-4CE6-AD7D-E230CAC8C9AC} = {7F4F15F1-7391-4236-9B97-10A5BDFAB01B}
		{CFD607DC-F21E-4D9A-B7F9-DECFCF6E5B89} = {7F4F15F1-7391-4236-9B97-10A5BDFAB01B}
	EndGlobalSection
	GlobalSection(ExtensibilityGlobals) = postSolution
		SolutionGuid = {E3F002EA-1A25-487F-9A5D-93D1E7EC6E31}
	EndGlobalSection
EndGlobal
