
Microsoft Visual Studio Solution File, Format Version 12.00
# Visual Studio Version 17
VisualStudioVersion = 17.6.33723.286
MinimumVisualStudioVersion = 10.0.40219.1
Project("{9A19103F-16F7-4668-BE54-9A1E7A4F7556}") = "Blinky", "Blinky\Blinky.csproj", "{EF3129F9-76D0-4B04-9DFD-BA80FDD15DC1}"
EndProject
Project("{9A19103F-16F7-4668-BE54-9A1E7A4F7556}") = "CharacterDisplaySample", "CharacterDisplaySample\CharacterDisplaySample.csproj", "{7828BCE1-CAAD-4139-806B-7723509C8DA0}"
EndProject
Project("{9A19103F-16F7-4668-BE54-9A1E7A4F7556}") = "WifiWeather", "WifiWeather\WifiWeather.csproj", "{D6A8D5D9-1856-4FDE-A244-8515C73DFA4F}"
EndProject
Project("{9A19103F-16F7-4668-BE54-9A1E7A4F7556}") = "AvaloniaMeadow", "..\CrossPlatform\Avalonia_Sample\AvaloniaMeadow.csproj", "{BDE1E908-8072-44A3-8CCE-EB3F3E9B191D}"
EndProject
Project("{9A19103F-16F7-4668-BE54-9A1E7A4F7556}") = "MauiMeadow", "..\CrossPlatform\MauiMeadow\MauiMeadow.csproj", "{FF4DB8E4-8129-4B6B-8564-99004EF78B4D}"
EndProject
Global
	GlobalSection(SolutionConfigurationPlatforms) = preSolution
		Debug|Any CPU = Debug|Any CPU
		Release|Any CPU = Release|Any CPU
	EndGlobalSection
	GlobalSection(ProjectConfigurationPlatforms) = postSolution
		{EF3129F9-76D0-4B04-9DFD-BA80FDD15DC1}.Debug|Any CPU.ActiveCfg = Debug|Any CPU
		{EF3129F9-76D0-4B04-9DFD-BA80FDD15DC1}.Debug|Any CPU.Build.0 = Debug|Any CPU
		{EF3129F9-76D0-4B04-9DFD-BA80FDD15DC1}.Release|Any CPU.ActiveCfg = Release|Any CPU
		{EF3129F9-76D0-4B04-9DFD-BA80FDD15DC1}.Release|Any CPU.Build.0 = Release|Any CPU
		{7828BCE1-CAAD-4139-806B-7723509C8DA0}.Debug|Any CPU.ActiveCfg = Debug|Any CPU
		{7828BCE1-CAAD-4139-806B-7723509C8DA0}.Debug|Any CPU.Build.0 = Debug|Any CPU
		{7828BCE1-CAAD-4139-806B-7723509C8DA0}.Release|Any CPU.ActiveCfg = Release|Any CPU
		{7828BCE1-CAAD-4139-806B-7723509C8DA0}.Release|Any CPU.Build.0 = Release|Any CPU
		{D6A8D5D9-1856-4FDE-A244-8515C73DFA4F}.Debug|Any CPU.ActiveCfg = Debug|Any CPU
		{D6A8D5D9-1856-4FDE-A244-8515C73DFA4F}.Debug|Any CPU.Build.0 = Debug|Any CPU
		{D6A8D5D9-1856-4FDE-A244-8515C73DFA4F}.Release|Any CPU.ActiveCfg = Release|Any CPU
		{D6A8D5D9-1856-4FDE-A244-8515C73DFA4F}.Release|Any CPU.Build.0 = Release|Any CPU
		{BDE1E908-8072-44A3-8CCE-EB3F3E9B191D}.Debug|Any CPU.ActiveCfg = Debug|Any CPU
		{BDE1E908-8072-44A3-8CCE-EB3F3E9B191D}.Debug|Any CPU.Build.0 = Debug|Any CPU
		{BDE1E908-8072-44A3-8CCE-EB3F3E9B191D}.Release|Any CPU.ActiveCfg = Release|Any CPU
		{BDE1E908-8072-44A3-8CCE-EB3F3E9B191D}.Release|Any CPU.Build.0 = Release|Any CPU
		{FF4DB8E4-8129-4B6B-8564-99004EF78B4D}.Debug|Any CPU.ActiveCfg = Debug|Any CPU
		{FF4DB8E4-8129-4B6B-8564-99004EF78B4D}.Debug|Any CPU.Build.0 = Debug|Any CPU
		{FF4DB8E4-8129-4B6B-8564-99004EF78B4D}.Release|Any CPU.ActiveCfg = Release|Any CPU
		{FF4DB8E4-8129-4B6B-8564-99004EF78B4D}.Release|Any CPU.Build.0 = Release|Any CPU
	EndGlobalSection
	GlobalSection(SolutionProperties) = preSolution
		HideSolutionNode = FALSE
	EndGlobalSection
	GlobalSection(ExtensibilityGlobals) = postSolution
		SolutionGuid = {E3F002EA-1A25-487F-9A5D-93D1E7EC6E31}
	EndGlobalSection
EndGlobal
