
Microsoft Visual Studio Solution File, Format Version 12.00
# Visual Studio Version 17
VisualStudioVersion = 17.6.33723.286
MinimumVisualStudioVersion = 10.0.40219.1
Project("{9A19103F-16F7-4668-BE54-9A1E7A4F7556}") = "Blinky", "Blinky\Blinky.csproj", "{EF3129F9-76D0-4B04-9DFD-BA80FDD15DC1}"
EndProject
Project("{9A19103F-16F7-4668-BE54-9A1E7A4F7556}") = "CharacterDisplaySample", "CharacterDisplaySample\CharacterDisplaySample.csproj", "{7828BCE1-CAAD-4139-806B-7723509C8DA0}"
EndProject
Project("{9A19103F-16F7-4668-BE54-9A1E7A4F7556}") = "WifiWeather", "WifiWeather\WifiWeather.csproj", "{D6A8D5D9-1856-4FDE-A244-8515C73DFA4F}"
EndProject
Project("{2150E333-8FDC-42A3-9474-1A3956D46DE8}") = "Raspberry Pi", "Raspberry Pi", "{17BB45E4-7B9D-4A90-84B4-E37260E362B2}"
EndProject
Project("{2150E333-8FDC-42A3-9474-1A3956D46DE8}") = "Jetson", "Jetson", "{9C543690-6283-4DB7-8D93-2F0938F05B09}"
EndProject
Project("{2150E333-8FDC-42A3-9474-1A3956D46DE8}") = "WSL", "WSL", "{AF3F2B7E-D0AC-4418-8E9E-5515874092C7}"
EndProject
Project("{9A19103F-16F7-4668-BE54-9A1E7A4F7556}") = "Ads1015_Sample", "Ads1015_Sample\Ads1015_Sample.csproj", "{EF215E82-4DF1-4E03-AF7C-E3E1100351FD}"
EndProject
Project("{9A19103F-16F7-4668-BE54-9A1E7A4F7556}") = "Bme280_Sample", "Bme280_Sample\Bme280_Sample.csproj", "{7133A9F4-7362-4C6B-BD19-CDFB4A1C678E}"
EndProject
Project("{9A19103F-16F7-4668-BE54-9A1E7A4F7556}") = "Led_Sample", "Led_Sample\Led_Sample.csproj", "{FC1689F1-137F-4688-A07D-999A0B538D5F}"
EndProject
Project("{9A19103F-16F7-4668-BE54-9A1E7A4F7556}") = "PushButton_Sample", "PushButton_Sample\PushButton_Sample.csproj", "{2763FAD6-3AC8-4C08-BC55-ACB9767E7A7A}"
EndProject
Project("{9A19103F-16F7-4668-BE54-9A1E7A4F7556}") = "ST7789_Sample", "ST7789_Sample\ST7789_Sample.csproj", "{68C2BCE6-C366-44B0-B319-357FA250DE51}"
EndProject
Project("{9A19103F-16F7-4668-BE54-9A1E7A4F7556}") = "Meadow.Gtk_Sample", "gtk\Meadow.Gtk_Sample.csproj", "{8F7245E8-A75C-44E0-ABAC-43C8F44E87EF}"
EndProject
Project("{9A19103F-16F7-4668-BE54-9A1E7A4F7556}") = "XavierI2C_Sample", "XavierI2C_Sample\XavierI2C_Sample.csproj", "{E6E4348A-0004-4CB5-9195-83EE0F9F67DA}"
EndProject
Project("{2150E333-8FDC-42A3-9474-1A3956D46DE8}") = "_External", "_External", "{0E9EB1DB-A564-465B-9CE9-5E1CDD7306C6}"
EndProject
Project("{9A19103F-16F7-4668-BE54-9A1E7A4F7556}") = "Displays.Gtk", "..\..\..\Meadow.Foundation\Source\Meadow.Foundation.Peripherals\Displays.Gtk\Driver\Displays.Gtk.csproj", "{F6F79A30-D0D9-4C5E-A418-2413D1D7496A}"
EndProject
Project("{9A19103F-16F7-4668-BE54-9A1E7A4F7556}") = "Displays.TftSpi", "..\..\..\Meadow.Foundation\Source\Meadow.Foundation.Peripherals\Displays.TftSpi\Driver\Displays.TftSpi.csproj", "{33A04EED-0D89-44B2-A7F8-2E08E284A9C3}"
EndProject
Project("{9A19103F-16F7-4668-BE54-9A1E7A4F7556}") = "Graphics.MicroGraphics", "..\..\..\Meadow.Foundation\Source\Meadow.Foundation.Libraries_and_Frameworks\Graphics.MicroGraphics\Driver\Graphics.MicroGraphics.csproj", "{ABD87A6A-C2FA-4E33-B961-8905D44AFB68}"
EndProject
Project("{9A19103F-16F7-4668-BE54-9A1E7A4F7556}") = "ICs.ADC.Ads1x15", "..\..\..\Meadow.Foundation\Source\Meadow.Foundation.Peripherals\ICs.ADC.Ads1x15\Driver\ICs.ADC.Ads1x15.csproj", "{876F0BEE-EAB0-42FC-807D-EFB5887C2FC6}"
EndProject
Project("{9A19103F-16F7-4668-BE54-9A1E7A4F7556}") = "Meadow.Contracts", "..\..\..\Meadow.Contracts\Source\Meadow.Contracts\Meadow.Contracts.csproj", "{2FC413AF-BAA5-495A-89E7-60C061E8DF65}"
EndProject
Project("{9A19103F-16F7-4668-BE54-9A1E7A4F7556}") = "Meadow.Units", "..\..\..\Meadow.Units\Source\Meadow.Units\Meadow.Units.csproj", "{9DEF98A2-706A-4685-A06D-359BC5B09D5B}"
EndProject
Project("{9A19103F-16F7-4668-BE54-9A1E7A4F7556}") = "Meadow.Logging", "..\..\..\Meadow.Logging\Source\Meadow.Logging\lib\Meadow.Logging.csproj", "{DE664983-8B54-421C-9EE9-AB24E5FFF28A}"
EndProject
Project("{9A19103F-16F7-4668-BE54-9A1E7A4F7556}") = "Meadow.Core", "..\..\..\Meadow.Core\source\Meadow.Core\Meadow.Core.csproj", "{8153F46E-4EAC-4F59-B038-F92F6FB03236}"
EndProject
Project("{9A19103F-16F7-4668-BE54-9A1E7A4F7556}") = "Meadow.Linux", "..\..\..\Meadow.Core\source\implementations\linux\Meadow.Linux\Meadow.Linux.csproj", "{5BBC143F-ED0E-402A-86A8-7ECA259E8732}"
EndProject
Project("{9A19103F-16F7-4668-BE54-9A1E7A4F7556}") = "Meadow.Modbus", "..\..\..\Meadow.Modbus\src\Meadow.Modbus\Meadow.Modbus.csproj", "{5EE3248A-A28D-4F80-AA68-94CAF79FF462}"
EndProject
Project("{9A19103F-16F7-4668-BE54-9A1E7A4F7556}") = "MQTTnet", "..\..\..\MQTTnet\Source\MQTTnet\MQTTnet.csproj", "{9F6A2400-F552-40D6-8646-9FFDB3BB562E}"
EndProject
Project("{9A19103F-16F7-4668-BE54-9A1E7A4F7556}") = "Sensors.Atmospheric.Bme280", "..\..\..\Meadow.Foundation\Source\Meadow.Foundation.Peripherals\Sensors.Atmospheric.Bme280\Driver\Sensors.Atmospheric.Bme280.csproj", "{D1ABBF8A-7C8D-4D1B-AA9F-A464A807C7DE}"
EndProject
Project("{9A19103F-16F7-4668-BE54-9A1E7A4F7556}") = "Sensors.Atmospheric.Ccs811", "..\..\..\Meadow.Foundation\Source\Meadow.Foundation.Peripherals\Sensors.Atmospheric.Ccs811\Driver\Sensors.Atmospheric.Ccs811.csproj", "{94A296E8-3E72-4CB4-80CF-C25B98B3649B}"
EndProject
Project("{9A19103F-16F7-4668-BE54-9A1E7A4F7556}") = "Sensors.Atmospheric.Si70xx", "..\..\..\Meadow.Foundation\Source\Meadow.Foundation.Peripherals\Sensors.Atmospheric.Si70xx\Driver\Sensors.Atmospheric.Si70xx.csproj", "{E59C7CF2-7AAE-4D92-8267-EE31B0B4E8F3}"
EndProject
Project("{9A19103F-16F7-4668-BE54-9A1E7A4F7556}") = "Sensors.Motion.Adxl3xx", "..\..\..\Meadow.Foundation\Source\Meadow.Foundation.Peripherals\Sensors.Motion.Adxl3xx\Driver\Sensors.Motion.Adxl3xx.csproj", "{A683EF04-975A-4F1B-A522-86422D679DE0}"
EndProject
Project("{9A19103F-16F7-4668-BE54-9A1E7A4F7556}") = "Sensors.Motion.Bno055", "..\..\..\Meadow.Foundation\Source\Meadow.Foundation.Peripherals\Sensors.Motion.Bno055\Driver\Sensors.Motion.Bno055.csproj", "{75D6B661-29CF-454A-95C2-EA497714111B}"
EndProject
Project("{9A19103F-16F7-4668-BE54-9A1E7A4F7556}") = "AvaloniaMeadow", "..\CrossPlatform\Avalonia_Sample\AvaloniaMeadow.csproj", "{FF4324CA-2EDC-4F0D-A288-8811C2407F4D}"
EndProject
Project("{9A19103F-16F7-4668-BE54-9A1E7A4F7556}") = "Amg8833_Sample", "Amg8833_Sample\Amg8833_Sample.csproj", "{18FB77AD-CD17-4CE7-8910-74653F669F80}"
EndProject
Project("{9A19103F-16F7-4668-BE54-9A1E7A4F7556}") = "Graphics.MicroLayout", "..\..\..\Meadow.Foundation\Source\Meadow.Foundation.Libraries_and_Frameworks\Graphics.MicroLayout\Driver\Graphics.MicroLayout.csproj", "{7A319A27-53DF-4E78-8151-7DD5A43C25DD}"
EndProject
Project("{9A19103F-16F7-4668-BE54-9A1E7A4F7556}") = "Sensors.Camera.Amg8833", "..\..\..\Meadow.Foundation\Source\Meadow.Foundation.Peripherals\Sensors.Camera.Amg8833\Driver\Sensors.Camera.Amg8833.csproj", "{9AAEEFC1-E3D6-487B-A129-B7F77E049FF5}"
EndProject
Project("{9A19103F-16F7-4668-BE54-9A1E7A4F7556}") = "Displays.AsciiConsole", "..\..\..\Meadow.Foundation\Source\Meadow.Foundation.Peripherals\Displays.AsciiConsole\Driver\Displays.AsciiConsole.csproj", "{D83E4426-7B1A-4C3F-BA12-13079F76518D}"
EndProject
Project("{9A19103F-16F7-4668-BE54-9A1E7A4F7556}") = "Meadow.Avalonia", "..\..\..\Meadow.Core\source\ui\Meadow.Avalonia\Meadow.Avalonia.csproj", "{1FC7DFBF-512B-47C8-871F-6313046691EC}"
EndProject
Project("{9A19103F-16F7-4668-BE54-9A1E7A4F7556}") = "CloudEventPublisher", "Cloud\CloudEventPublisher\CloudEventPublisher.csproj", "{0CB462BC-EC1D-4EE2-BDB8-884CA9308F30}"
EndProject
Project("{2150E333-8FDC-42A3-9474-1A3956D46DE8}") = "Cloud", "Cloud", "{7E2108C1-60C2-45AF-8C00-29275D81AB50}"
EndProject
Project("{9A19103F-16F7-4668-BE54-9A1E7A4F7556}") = "CloudCommandReceiver", "Cloud\CloudCommandReceiver\CloudCommandReceiver.csproj", "{1B5A6F9A-D905-454F-895D-C7A06FD98D7B}"
EndProject
Global
	GlobalSection(SolutionConfigurationPlatforms) = preSolution
		Debug|Any CPU = Debug|Any CPU
		Release|Any CPU = Release|Any CPU
	EndGlobalSection
	GlobalSection(ProjectConfigurationPlatforms) = postSolution
		{EF3129F9-76D0-4B04-9DFD-BA80FDD15DC1}.Debug|Any CPU.ActiveCfg = Debug|Any CPU
		{EF3129F9-76D0-4B04-9DFD-BA80FDD15DC1}.Debug|Any CPU.Build.0 = Debug|Any CPU
		{EF3129F9-76D0-4B04-9DFD-BA80FDD15DC1}.Release|Any CPU.ActiveCfg = Release|Any CPU
		{EF3129F9-76D0-4B04-9DFD-BA80FDD15DC1}.Release|Any CPU.Build.0 = Release|Any CPU
		{7828BCE1-CAAD-4139-806B-7723509C8DA0}.Debug|Any CPU.ActiveCfg = Debug|Any CPU
		{7828BCE1-CAAD-4139-806B-7723509C8DA0}.Debug|Any CPU.Build.0 = Debug|Any CPU
		{7828BCE1-CAAD-4139-806B-7723509C8DA0}.Release|Any CPU.ActiveCfg = Release|Any CPU
		{7828BCE1-CAAD-4139-806B-7723509C8DA0}.Release|Any CPU.Build.0 = Release|Any CPU
		{D6A8D5D9-1856-4FDE-A244-8515C73DFA4F}.Debug|Any CPU.ActiveCfg = Debug|Any CPU
		{D6A8D5D9-1856-4FDE-A244-8515C73DFA4F}.Debug|Any CPU.Build.0 = Debug|Any CPU
		{D6A8D5D9-1856-4FDE-A244-8515C73DFA4F}.Release|Any CPU.ActiveCfg = Release|Any CPU
		{D6A8D5D9-1856-4FDE-A244-8515C73DFA4F}.Release|Any CPU.Build.0 = Release|Any CPU
		{EF215E82-4DF1-4E03-AF7C-E3E1100351FD}.Debug|Any CPU.ActiveCfg = Debug|Any CPU
		{EF215E82-4DF1-4E03-AF7C-E3E1100351FD}.Debug|Any CPU.Build.0 = Debug|Any CPU
		{EF215E82-4DF1-4E03-AF7C-E3E1100351FD}.Release|Any CPU.ActiveCfg = Release|Any CPU
		{EF215E82-4DF1-4E03-AF7C-E3E1100351FD}.Release|Any CPU.Build.0 = Release|Any CPU
		{7133A9F4-7362-4C6B-BD19-CDFB4A1C678E}.Debug|Any CPU.ActiveCfg = Debug|Any CPU
		{7133A9F4-7362-4C6B-BD19-CDFB4A1C678E}.Debug|Any CPU.Build.0 = Debug|Any CPU
		{7133A9F4-7362-4C6B-BD19-CDFB4A1C678E}.Release|Any CPU.ActiveCfg = Release|Any CPU
		{7133A9F4-7362-4C6B-BD19-CDFB4A1C678E}.Release|Any CPU.Build.0 = Release|Any CPU
		{FC1689F1-137F-4688-A07D-999A0B538D5F}.Debug|Any CPU.ActiveCfg = Debug|Any CPU
		{FC1689F1-137F-4688-A07D-999A0B538D5F}.Debug|Any CPU.Build.0 = Debug|Any CPU
		{FC1689F1-137F-4688-A07D-999A0B538D5F}.Release|Any CPU.ActiveCfg = Release|Any CPU
		{FC1689F1-137F-4688-A07D-999A0B538D5F}.Release|Any CPU.Build.0 = Release|Any CPU
		{2763FAD6-3AC8-4C08-BC55-ACB9767E7A7A}.Debug|Any CPU.ActiveCfg = Debug|Any CPU
		{2763FAD6-3AC8-4C08-BC55-ACB9767E7A7A}.Debug|Any CPU.Build.0 = Debug|Any CPU
		{2763FAD6-3AC8-4C08-BC55-ACB9767E7A7A}.Release|Any CPU.ActiveCfg = Release|Any CPU
		{2763FAD6-3AC8-4C08-BC55-ACB9767E7A7A}.Release|Any CPU.Build.0 = Release|Any CPU
		{68C2BCE6-C366-44B0-B319-357FA250DE51}.Debug|Any CPU.ActiveCfg = Debug|Any CPU
		{68C2BCE6-C366-44B0-B319-357FA250DE51}.Debug|Any CPU.Build.0 = Debug|Any CPU
		{68C2BCE6-C366-44B0-B319-357FA250DE51}.Release|Any CPU.ActiveCfg = Release|Any CPU
		{68C2BCE6-C366-44B0-B319-357FA250DE51}.Release|Any CPU.Build.0 = Release|Any CPU
		{8F7245E8-A75C-44E0-ABAC-43C8F44E87EF}.Debug|Any CPU.ActiveCfg = Debug|Any CPU
		{8F7245E8-A75C-44E0-ABAC-43C8F44E87EF}.Debug|Any CPU.Build.0 = Debug|Any CPU
		{8F7245E8-A75C-44E0-ABAC-43C8F44E87EF}.Release|Any CPU.ActiveCfg = Release|Any CPU
		{8F7245E8-A75C-44E0-ABAC-43C8F44E87EF}.Release|Any CPU.Build.0 = Release|Any CPU
		{E6E4348A-0004-4CB5-9195-83EE0F9F67DA}.Debug|Any CPU.ActiveCfg = Debug|Any CPU
		{E6E4348A-0004-4CB5-9195-83EE0F9F67DA}.Debug|Any CPU.Build.0 = Debug|Any CPU
		{E6E4348A-0004-4CB5-9195-83EE0F9F67DA}.Release|Any CPU.ActiveCfg = Release|Any CPU
		{E6E4348A-0004-4CB5-9195-83EE0F9F67DA}.Release|Any CPU.Build.0 = Release|Any CPU
		{F6F79A30-D0D9-4C5E-A418-2413D1D7496A}.Debug|Any CPU.ActiveCfg = Debug|Any CPU
		{F6F79A30-D0D9-4C5E-A418-2413D1D7496A}.Debug|Any CPU.Build.0 = Debug|Any CPU
		{F6F79A30-D0D9-4C5E-A418-2413D1D7496A}.Release|Any CPU.ActiveCfg = Release|Any CPU
		{F6F79A30-D0D9-4C5E-A418-2413D1D7496A}.Release|Any CPU.Build.0 = Release|Any CPU
		{33A04EED-0D89-44B2-A7F8-2E08E284A9C3}.Debug|Any CPU.ActiveCfg = Debug|Any CPU
		{33A04EED-0D89-44B2-A7F8-2E08E284A9C3}.Debug|Any CPU.Build.0 = Debug|Any CPU
		{33A04EED-0D89-44B2-A7F8-2E08E284A9C3}.Debug|Any CPU.Deploy.0 = Debug|Any CPU
		{33A04EED-0D89-44B2-A7F8-2E08E284A9C3}.Release|Any CPU.ActiveCfg = Release|Any CPU
		{33A04EED-0D89-44B2-A7F8-2E08E284A9C3}.Release|Any CPU.Build.0 = Release|Any CPU
		{33A04EED-0D89-44B2-A7F8-2E08E284A9C3}.Release|Any CPU.Deploy.0 = Release|Any CPU
		{ABD87A6A-C2FA-4E33-B961-8905D44AFB68}.Debug|Any CPU.ActiveCfg = Debug|Any CPU
		{ABD87A6A-C2FA-4E33-B961-8905D44AFB68}.Debug|Any CPU.Build.0 = Debug|Any CPU
		{ABD87A6A-C2FA-4E33-B961-8905D44AFB68}.Debug|Any CPU.Deploy.0 = Debug|Any CPU
		{ABD87A6A-C2FA-4E33-B961-8905D44AFB68}.Release|Any CPU.ActiveCfg = Release|Any CPU
		{ABD87A6A-C2FA-4E33-B961-8905D44AFB68}.Release|Any CPU.Build.0 = Release|Any CPU
		{ABD87A6A-C2FA-4E33-B961-8905D44AFB68}.Release|Any CPU.Deploy.0 = Release|Any CPU
		{876F0BEE-EAB0-42FC-807D-EFB5887C2FC6}.Debug|Any CPU.ActiveCfg = Debug|Any CPU
		{876F0BEE-EAB0-42FC-807D-EFB5887C2FC6}.Debug|Any CPU.Build.0 = Debug|Any CPU
		{876F0BEE-EAB0-42FC-807D-EFB5887C2FC6}.Debug|Any CPU.Deploy.0 = Debug|Any CPU
		{876F0BEE-EAB0-42FC-807D-EFB5887C2FC6}.Release|Any CPU.ActiveCfg = Release|Any CPU
		{876F0BEE-EAB0-42FC-807D-EFB5887C2FC6}.Release|Any CPU.Build.0 = Release|Any CPU
		{876F0BEE-EAB0-42FC-807D-EFB5887C2FC6}.Release|Any CPU.Deploy.0 = Release|Any CPU
		{2FC413AF-BAA5-495A-89E7-60C061E8DF65}.Debug|Any CPU.ActiveCfg = Debug|Any CPU
		{2FC413AF-BAA5-495A-89E7-60C061E8DF65}.Debug|Any CPU.Build.0 = Debug|Any CPU
		{2FC413AF-BAA5-495A-89E7-60C061E8DF65}.Debug|Any CPU.Deploy.0 = Debug|Any CPU
		{2FC413AF-BAA5-495A-89E7-60C061E8DF65}.Release|Any CPU.ActiveCfg = Release|Any CPU
		{2FC413AF-BAA5-495A-89E7-60C061E8DF65}.Release|Any CPU.Build.0 = Release|Any CPU
		{2FC413AF-BAA5-495A-89E7-60C061E8DF65}.Release|Any CPU.Deploy.0 = Release|Any CPU
		{9DEF98A2-706A-4685-A06D-359BC5B09D5B}.Debug|Any CPU.ActiveCfg = Debug|Any CPU
		{9DEF98A2-706A-4685-A06D-359BC5B09D5B}.Debug|Any CPU.Build.0 = Debug|Any CPU
		{9DEF98A2-706A-4685-A06D-359BC5B09D5B}.Debug|Any CPU.Deploy.0 = Debug|Any CPU
		{9DEF98A2-706A-4685-A06D-359BC5B09D5B}.Release|Any CPU.ActiveCfg = Release|Any CPU
		{9DEF98A2-706A-4685-A06D-359BC5B09D5B}.Release|Any CPU.Build.0 = Release|Any CPU
		{9DEF98A2-706A-4685-A06D-359BC5B09D5B}.Release|Any CPU.Deploy.0 = Release|Any CPU
		{DE664983-8B54-421C-9EE9-AB24E5FFF28A}.Debug|Any CPU.ActiveCfg = Debug|Any CPU
		{DE664983-8B54-421C-9EE9-AB24E5FFF28A}.Debug|Any CPU.Build.0 = Debug|Any CPU
		{DE664983-8B54-421C-9EE9-AB24E5FFF28A}.Release|Any CPU.ActiveCfg = Release|Any CPU
		{DE664983-8B54-421C-9EE9-AB24E5FFF28A}.Release|Any CPU.Build.0 = Release|Any CPU
		{8153F46E-4EAC-4F59-B038-F92F6FB03236}.Debug|Any CPU.ActiveCfg = Debug|Any CPU
		{8153F46E-4EAC-4F59-B038-F92F6FB03236}.Debug|Any CPU.Build.0 = Debug|Any CPU
		{8153F46E-4EAC-4F59-B038-F92F6FB03236}.Debug|Any CPU.Deploy.0 = Debug|Any CPU
		{8153F46E-4EAC-4F59-B038-F92F6FB03236}.Release|Any CPU.ActiveCfg = Release|Any CPU
		{8153F46E-4EAC-4F59-B038-F92F6FB03236}.Release|Any CPU.Build.0 = Release|Any CPU
		{8153F46E-4EAC-4F59-B038-F92F6FB03236}.Release|Any CPU.Deploy.0 = Release|Any CPU
		{5BBC143F-ED0E-402A-86A8-7ECA259E8732}.Debug|Any CPU.ActiveCfg = Debug|Any CPU
		{5BBC143F-ED0E-402A-86A8-7ECA259E8732}.Debug|Any CPU.Build.0 = Debug|Any CPU
		{5BBC143F-ED0E-402A-86A8-7ECA259E8732}.Debug|Any CPU.Deploy.0 = Debug|Any CPU
		{5BBC143F-ED0E-402A-86A8-7ECA259E8732}.Release|Any CPU.ActiveCfg = Release|Any CPU
		{5BBC143F-ED0E-402A-86A8-7ECA259E8732}.Release|Any CPU.Build.0 = Release|Any CPU
		{5BBC143F-ED0E-402A-86A8-7ECA259E8732}.Release|Any CPU.Deploy.0 = Release|Any CPU
		{5EE3248A-A28D-4F80-AA68-94CAF79FF462}.Debug|Any CPU.ActiveCfg = Debug|Any CPU
		{5EE3248A-A28D-4F80-AA68-94CAF79FF462}.Debug|Any CPU.Build.0 = Debug|Any CPU
		{5EE3248A-A28D-4F80-AA68-94CAF79FF462}.Release|Any CPU.ActiveCfg = Release|Any CPU
		{5EE3248A-A28D-4F80-AA68-94CAF79FF462}.Release|Any CPU.Build.0 = Release|Any CPU
		{9F6A2400-F552-40D6-8646-9FFDB3BB562E}.Debug|Any CPU.ActiveCfg = Debug|Any CPU
		{9F6A2400-F552-40D6-8646-9FFDB3BB562E}.Debug|Any CPU.Build.0 = Debug|Any CPU
		{9F6A2400-F552-40D6-8646-9FFDB3BB562E}.Release|Any CPU.ActiveCfg = Release|Any CPU
		{9F6A2400-F552-40D6-8646-9FFDB3BB562E}.Release|Any CPU.Build.0 = Release|Any CPU
		{D1ABBF8A-7C8D-4D1B-AA9F-A464A807C7DE}.Debug|Any CPU.ActiveCfg = Debug|Any CPU
		{D1ABBF8A-7C8D-4D1B-AA9F-A464A807C7DE}.Debug|Any CPU.Build.0 = Debug|Any CPU
		{D1ABBF8A-7C8D-4D1B-AA9F-A464A807C7DE}.Debug|Any CPU.Deploy.0 = Debug|Any CPU
		{D1ABBF8A-7C8D-4D1B-AA9F-A464A807C7DE}.Release|Any CPU.ActiveCfg = Release|Any CPU
		{D1ABBF8A-7C8D-4D1B-AA9F-A464A807C7DE}.Release|Any CPU.Build.0 = Release|Any CPU
		{D1ABBF8A-7C8D-4D1B-AA9F-A464A807C7DE}.Release|Any CPU.Deploy.0 = Release|Any CPU
		{94A296E8-3E72-4CB4-80CF-C25B98B3649B}.Debug|Any CPU.ActiveCfg = Debug|Any CPU
		{94A296E8-3E72-4CB4-80CF-C25B98B3649B}.Debug|Any CPU.Build.0 = Debug|Any CPU
		{94A296E8-3E72-4CB4-80CF-C25B98B3649B}.Debug|Any CPU.Deploy.0 = Debug|Any CPU
		{94A296E8-3E72-4CB4-80CF-C25B98B3649B}.Release|Any CPU.ActiveCfg = Release|Any CPU
		{94A296E8-3E72-4CB4-80CF-C25B98B3649B}.Release|Any CPU.Build.0 = Release|Any CPU
		{94A296E8-3E72-4CB4-80CF-C25B98B3649B}.Release|Any CPU.Deploy.0 = Release|Any CPU
		{E59C7CF2-7AAE-4D92-8267-EE31B0B4E8F3}.Debug|Any CPU.ActiveCfg = Debug|Any CPU
		{E59C7CF2-7AAE-4D92-8267-EE31B0B4E8F3}.Debug|Any CPU.Build.0 = Debug|Any CPU
		{E59C7CF2-7AAE-4D92-8267-EE31B0B4E8F3}.Debug|Any CPU.Deploy.0 = Debug|Any CPU
		{E59C7CF2-7AAE-4D92-8267-EE31B0B4E8F3}.Release|Any CPU.ActiveCfg = Release|Any CPU
		{E59C7CF2-7AAE-4D92-8267-EE31B0B4E8F3}.Release|Any CPU.Build.0 = Release|Any CPU
		{E59C7CF2-7AAE-4D92-8267-EE31B0B4E8F3}.Release|Any CPU.Deploy.0 = Release|Any CPU
		{A683EF04-975A-4F1B-A522-86422D679DE0}.Debug|Any CPU.ActiveCfg = Debug|Any CPU
		{A683EF04-975A-4F1B-A522-86422D679DE0}.Debug|Any CPU.Build.0 = Debug|Any CPU
		{A683EF04-975A-4F1B-A522-86422D679DE0}.Debug|Any CPU.Deploy.0 = Debug|Any CPU
		{A683EF04-975A-4F1B-A522-86422D679DE0}.Release|Any CPU.ActiveCfg = Release|Any CPU
		{A683EF04-975A-4F1B-A522-86422D679DE0}.Release|Any CPU.Build.0 = Release|Any CPU
		{A683EF04-975A-4F1B-A522-86422D679DE0}.Release|Any CPU.Deploy.0 = Release|Any CPU
		{75D6B661-29CF-454A-95C2-EA497714111B}.Debug|Any CPU.ActiveCfg = Debug|Any CPU
		{75D6B661-29CF-454A-95C2-EA497714111B}.Debug|Any CPU.Build.0 = Debug|Any CPU
		{75D6B661-29CF-454A-95C2-EA497714111B}.Debug|Any CPU.Deploy.0 = Debug|Any CPU
		{75D6B661-29CF-454A-95C2-EA497714111B}.Release|Any CPU.ActiveCfg = Release|Any CPU
		{75D6B661-29CF-454A-95C2-EA497714111B}.Release|Any CPU.Build.0 = Release|Any CPU
		{75D6B661-29CF-454A-95C2-EA497714111B}.Release|Any CPU.Deploy.0 = Release|Any CPU
		{FF4324CA-2EDC-4F0D-A288-8811C2407F4D}.Debug|Any CPU.ActiveCfg = Debug|Any CPU
		{FF4324CA-2EDC-4F0D-A288-8811C2407F4D}.Debug|Any CPU.Build.0 = Debug|Any CPU
		{FF4324CA-2EDC-4F0D-A288-8811C2407F4D}.Release|Any CPU.ActiveCfg = Release|Any CPU
		{FF4324CA-2EDC-4F0D-A288-8811C2407F4D}.Release|Any CPU.Build.0 = Release|Any CPU
		{18FB77AD-CD17-4CE7-8910-74653F669F80}.Debug|Any CPU.ActiveCfg = Debug|Any CPU
		{18FB77AD-CD17-4CE7-8910-74653F669F80}.Debug|Any CPU.Build.0 = Debug|Any CPU
		{18FB77AD-CD17-4CE7-8910-74653F669F80}.Release|Any CPU.ActiveCfg = Release|Any CPU
		{18FB77AD-CD17-4CE7-8910-74653F669F80}.Release|Any CPU.Build.0 = Release|Any CPU
		{7A319A27-53DF-4E78-8151-7DD5A43C25DD}.Debug|Any CPU.ActiveCfg = Debug|Any CPU
		{7A319A27-53DF-4E78-8151-7DD5A43C25DD}.Debug|Any CPU.Build.0 = Debug|Any CPU
		{7A319A27-53DF-4E78-8151-7DD5A43C25DD}.Release|Any CPU.ActiveCfg = Release|Any CPU
		{7A319A27-53DF-4E78-8151-7DD5A43C25DD}.Release|Any CPU.Build.0 = Release|Any CPU
		{9AAEEFC1-E3D6-487B-A129-B7F77E049FF5}.Debug|Any CPU.ActiveCfg = Debug|Any CPU
		{9AAEEFC1-E3D6-487B-A129-B7F77E049FF5}.Debug|Any CPU.Build.0 = Debug|Any CPU
		{9AAEEFC1-E3D6-487B-A129-B7F77E049FF5}.Debug|Any CPU.Deploy.0 = Debug|Any CPU
		{9AAEEFC1-E3D6-487B-A129-B7F77E049FF5}.Release|Any CPU.ActiveCfg = Release|Any CPU
		{9AAEEFC1-E3D6-487B-A129-B7F77E049FF5}.Release|Any CPU.Build.0 = Release|Any CPU
		{9AAEEFC1-E3D6-487B-A129-B7F77E049FF5}.Release|Any CPU.Deploy.0 = Release|Any CPU
		{D83E4426-7B1A-4C3F-BA12-13079F76518D}.Debug|Any CPU.ActiveCfg = Debug|Any CPU
		{D83E4426-7B1A-4C3F-BA12-13079F76518D}.Debug|Any CPU.Build.0 = Debug|Any CPU
		{D83E4426-7B1A-4C3F-BA12-13079F76518D}.Debug|Any CPU.Deploy.0 = Debug|Any CPU
		{D83E4426-7B1A-4C3F-BA12-13079F76518D}.Release|Any CPU.ActiveCfg = Release|Any CPU
		{D83E4426-7B1A-4C3F-BA12-13079F76518D}.Release|Any CPU.Build.0 = Release|Any CPU
		{D83E4426-7B1A-4C3F-BA12-13079F76518D}.Release|Any CPU.Deploy.0 = Release|Any CPU
		{1FC7DFBF-512B-47C8-871F-6313046691EC}.Debug|Any CPU.ActiveCfg = Debug|Any CPU
		{1FC7DFBF-512B-47C8-871F-6313046691EC}.Debug|Any CPU.Build.0 = Debug|Any CPU
		{1FC7DFBF-512B-47C8-871F-6313046691EC}.Release|Any CPU.ActiveCfg = Release|Any CPU
		{1FC7DFBF-512B-47C8-871F-6313046691EC}.Release|Any CPU.Build.0 = Release|Any CPU
		{0CB462BC-EC1D-4EE2-BDB8-884CA9308F30}.Debug|Any CPU.ActiveCfg = Debug|Any CPU
		{0CB462BC-EC1D-4EE2-BDB8-884CA9308F30}.Debug|Any CPU.Build.0 = Debug|Any CPU
		{0CB462BC-EC1D-4EE2-BDB8-884CA9308F30}.Release|Any CPU.ActiveCfg = Release|Any CPU
		{0CB462BC-EC1D-4EE2-BDB8-884CA9308F30}.Release|Any CPU.Build.0 = Release|Any CPU
		{1B5A6F9A-D905-454F-895D-C7A06FD98D7B}.Debug|Any CPU.ActiveCfg = Debug|Any CPU
		{1B5A6F9A-D905-454F-895D-C7A06FD98D7B}.Debug|Any CPU.Build.0 = Debug|Any CPU
		{1B5A6F9A-D905-454F-895D-C7A06FD98D7B}.Release|Any CPU.ActiveCfg = Release|Any CPU
		{1B5A6F9A-D905-454F-895D-C7A06FD98D7B}.Release|Any CPU.Build.0 = Release|Any CPU
	EndGlobalSection
	GlobalSection(SolutionProperties) = preSolution
		HideSolutionNode = FALSE
	EndGlobalSection
	GlobalSection(NestedProjects) = preSolution
		{EF3129F9-76D0-4B04-9DFD-BA80FDD15DC1} = {17BB45E4-7B9D-4A90-84B4-E37260E362B2}
		{7828BCE1-CAAD-4139-806B-7723509C8DA0} = {17BB45E4-7B9D-4A90-84B4-E37260E362B2}
		{D6A8D5D9-1856-4FDE-A244-8515C73DFA4F} = {17BB45E4-7B9D-4A90-84B4-E37260E362B2}
		{EF215E82-4DF1-4E03-AF7C-E3E1100351FD} = {17BB45E4-7B9D-4A90-84B4-E37260E362B2}
		{7133A9F4-7362-4C6B-BD19-CDFB4A1C678E} = {17BB45E4-7B9D-4A90-84B4-E37260E362B2}
		{FC1689F1-137F-4688-A07D-999A0B538D5F} = {17BB45E4-7B9D-4A90-84B4-E37260E362B2}
		{2763FAD6-3AC8-4C08-BC55-ACB9767E7A7A} = {17BB45E4-7B9D-4A90-84B4-E37260E362B2}
		{68C2BCE6-C366-44B0-B319-357FA250DE51} = {17BB45E4-7B9D-4A90-84B4-E37260E362B2}
		{8F7245E8-A75C-44E0-ABAC-43C8F44E87EF} = {AF3F2B7E-D0AC-4418-8E9E-5515874092C7}
		{E6E4348A-0004-4CB5-9195-83EE0F9F67DA} = {9C543690-6283-4DB7-8D93-2F0938F05B09}
		{F6F79A30-D0D9-4C5E-A418-2413D1D7496A} = {0E9EB1DB-A564-465B-9CE9-5E1CDD7306C6}
		{33A04EED-0D89-44B2-A7F8-2E08E284A9C3} = {0E9EB1DB-A564-465B-9CE9-5E1CDD7306C6}
		{ABD87A6A-C2FA-4E33-B961-8905D44AFB68} = {0E9EB1DB-A564-465B-9CE9-5E1CDD7306C6}
		{876F0BEE-EAB0-42FC-807D-EFB5887C2FC6} = {0E9EB1DB-A564-465B-9CE9-5E1CDD7306C6}
		{2FC413AF-BAA5-495A-89E7-60C061E8DF65} = {0E9EB1DB-A564-465B-9CE9-5E1CDD7306C6}
		{9DEF98A2-706A-4685-A06D-359BC5B09D5B} = {0E9EB1DB-A564-465B-9CE9-5E1CDD7306C6}
		{DE664983-8B54-421C-9EE9-AB24E5FFF28A} = {0E9EB1DB-A564-465B-9CE9-5E1CDD7306C6}
		{8153F46E-4EAC-4F59-B038-F92F6FB03236} = {0E9EB1DB-A564-465B-9CE9-5E1CDD7306C6}
		{5BBC143F-ED0E-402A-86A8-7ECA259E8732} = {0E9EB1DB-A564-465B-9CE9-5E1CDD7306C6}
		{5EE3248A-A28D-4F80-AA68-94CAF79FF462} = {0E9EB1DB-A564-465B-9CE9-5E1CDD7306C6}
		{9F6A2400-F552-40D6-8646-9FFDB3BB562E} = {0E9EB1DB-A564-465B-9CE9-5E1CDD7306C6}
		{D1ABBF8A-7C8D-4D1B-AA9F-A464A807C7DE} = {0E9EB1DB-A564-465B-9CE9-5E1CDD7306C6}
		{94A296E8-3E72-4CB4-80CF-C25B98B3649B} = {0E9EB1DB-A564-465B-9CE9-5E1CDD7306C6}
		{E59C7CF2-7AAE-4D92-8267-EE31B0B4E8F3} = {0E9EB1DB-A564-465B-9CE9-5E1CDD7306C6}
		{A683EF04-975A-4F1B-A522-86422D679DE0} = {0E9EB1DB-A564-465B-9CE9-5E1CDD7306C6}
		{75D6B661-29CF-454A-95C2-EA497714111B} = {0E9EB1DB-A564-465B-9CE9-5E1CDD7306C6}
		{FF4324CA-2EDC-4F0D-A288-8811C2407F4D} = {17BB45E4-7B9D-4A90-84B4-E37260E362B2}
		{18FB77AD-CD17-4CE7-8910-74653F669F80} = {17BB45E4-7B9D-4A90-84B4-E37260E362B2}
		{7A319A27-53DF-4E78-8151-7DD5A43C25DD} = {0E9EB1DB-A564-465B-9CE9-5E1CDD7306C6}
		{9AAEEFC1-E3D6-487B-A129-B7F77E049FF5} = {0E9EB1DB-A564-465B-9CE9-5E1CDD7306C6}
		{D83E4426-7B1A-4C3F-BA12-13079F76518D} = {0E9EB1DB-A564-465B-9CE9-5E1CDD7306C6}
		{1FC7DFBF-512B-47C8-871F-6313046691EC} = {0E9EB1DB-A564-465B-9CE9-5E1CDD7306C6}
		{0CB462BC-EC1D-4EE2-BDB8-884CA9308F30} = {7E2108C1-60C2-45AF-8C00-29275D81AB50}
		{7E2108C1-60C2-45AF-8C00-29275D81AB50} = {AF3F2B7E-D0AC-4418-8E9E-5515874092C7}
		{1B5A6F9A-D905-454F-895D-C7A06FD98D7B} = {7E2108C1-60C2-45AF-8C00-29275D81AB50}
	EndGlobalSection
	GlobalSection(ExtensibilityGlobals) = postSolution
		SolutionGuid = {E3F002EA-1A25-487F-9A5D-93D1E7EC6E31}
	EndGlobalSection
EndGlobal
